// !$*UTF8*$!
{
	archiveVersion = 1;
	classes = {
	};
	objectVersion = 56;
	objects = {

/* Begin PBXBuildFile section */
		01B5C7A398186645D1C748DC /* Pods_yamTODO_YamWidgetExtension.framework in Frameworks */ = {isa = PBXBuildFile; fileRef = 9D3161EF3E5E03E53167B7CB /* Pods_yamTODO_YamWidgetExtension.framework */; };
		0D9F5B8916589AF509D5E317 /* Pods_yamTODOTests.framework in Frameworks */ = {isa = PBXBuildFile; fileRef = 9E8C1960195E47F4439E9D43 /* Pods_yamTODOTests.framework */; };
		30001A562CEEFD8100B3C2A4 /* WidgetKit.framework in Frameworks */ = {isa = PBXBuildFile; fileRef = 30001A552CEEFD8100B3C2A4 /* WidgetKit.framework */; };
		30001A582CEEFD8100B3C2A4 /* SwiftUI.framework in Frameworks */ = {isa = PBXBuildFile; fileRef = 30001A572CEEFD8100B3C2A4 /* SwiftUI.framework */; };
		30001A5B2CEEFD8100B3C2A4 /* YamWidgetBundle.swift in Sources */ = {isa = PBXBuildFile; fileRef = 30001A5A2CEEFD8100B3C2A4 /* YamWidgetBundle.swift */; };
		30001A5D2CEEFD8100B3C2A4 /* YamWidgetLiveActivity.swift in Sources */ = {isa = PBXBuildFile; fileRef = 30001A5C2CEEFD8100B3C2A4 /* YamWidgetLiveActivity.swift */; };
		30001A5F2CEEFD8100B3C2A4 /* YamWidget.swift in Sources */ = {isa = PBXBuildFile; fileRef = 30001A5E2CEEFD8100B3C2A4 /* YamWidget.swift */; };
		30001A612CEEFD8100B3C2A4 /* AppIntent.swift in Sources */ = {isa = PBXBuildFile; fileRef = 30001A602CEEFD8100B3C2A4 /* AppIntent.swift */; };
		30001A632CEEFD8200B3C2A4 /* Assets.xcassets in Resources */ = {isa = PBXBuildFile; fileRef = 30001A622CEEFD8200B3C2A4 /* Assets.xcassets */; };
		30001A672CEEFD8200B3C2A4 /* YamWidgetExtension.appex in Embed Foundation Extensions */ = {isa = PBXBuildFile; fileRef = 30001A542CEEFD8100B3C2A4 /* YamWidgetExtension.appex */; settings = {ATTRIBUTES = (RemoveHeadersOnCopy, ); }; };
		300E65482B077E7A00DB3684 /* CalendarCellView.swift in Sources */ = {isa = PBXBuildFile; fileRef = 300E65472B077E7A00DB3684 /* CalendarCellView.swift */; };
		300E654A2B07A7EB00DB3684 /* TasksByMonth.swift in Sources */ = {isa = PBXBuildFile; fileRef = 300E65492B07A7EB00DB3684 /* TasksByMonth.swift */; };
		300E65522B08C59800DB3684 /* TitleTextView.swift in Sources */ = {isa = PBXBuildFile; fileRef = 300E65512B08C59800DB3684 /* TitleTextView.swift */; };
		300E65542B08FD5D00DB3684 /* RepeatDetailPopupView.swift in Sources */ = {isa = PBXBuildFile; fileRef = 300E65532B08FD5C00DB3684 /* RepeatDetailPopupView.swift */; };
		301C90382AF69326008BEB80 /* DetailTextView.swift in Sources */ = {isa = PBXBuildFile; fileRef = 301C90372AF69326008BEB80 /* DetailTextView.swift */; };
		304DC5C72B0E2C5300E01656 /* AdmobBannerView.swift in Sources */ = {isa = PBXBuildFile; fileRef = 304DC5C62B0E2C5300E01656 /* AdmobBannerView.swift */; };
		304DC5CF2B10E05C00E01656 /* InfoPlist.xcstrings in Resources */ = {isa = PBXBuildFile; fileRef = 304DC5CE2B10E05C00E01656 /* InfoPlist.xcstrings */; };
		30596AA62CFD8A0A005A6701 /* RewardAdManager.swift in Sources */ = {isa = PBXBuildFile; fileRef = 30596AA52CFD8A0A005A6701 /* RewardAdManager.swift */; };
		30596AA82CFD8A20005A6701 /* RewardAdView.swift in Sources */ = {isa = PBXBuildFile; fileRef = 30596AA72CFD8A20005A6701 /* RewardAdView.swift */; };
		30596AAA2CFD8E5D005A6701 /* FirebaseFirestore in Frameworks */ = {isa = PBXBuildFile; productRef = 30596AA92CFD8E5D005A6701 /* FirebaseFirestore */; };
		30596AAC2CFD92BD005A6701 /* GoogleService-Info.plist in Resources */ = {isa = PBXBuildFile; fileRef = 30596AAB2CFD92BD005A6701 /* GoogleService-Info.plist */; };
		30A52DF72CEF285800724934 /* RealmManagerForWidget.swift in Sources */ = {isa = PBXBuildFile; fileRef = 30A52DF52CEF23C600724934 /* RealmManagerForWidget.swift */; };
		30A52DF92CEF28D400724934 /* TasksByDateObject.swift in Sources */ = {isa = PBXBuildFile; fileRef = 30A52DF82CEF28D400724934 /* TasksByDateObject.swift */; };
		30A52DFA2CEF28E200724934 /* TasksByDateObject.swift in Sources */ = {isa = PBXBuildFile; fileRef = 30A52DF82CEF28D400724934 /* TasksByDateObject.swift */; };
		30A52DFB2CEF293200724934 /* Extension+Date.swift in Sources */ = {isa = PBXBuildFile; fileRef = 36A909E42AFCB88F00848754 /* Extension+Date.swift */; };
		30A52E032CF02A7C00724934 /* MediumWidgetView.swift in Sources */ = {isa = PBXBuildFile; fileRef = 30A52DFF2CF02A1400724934 /* MediumWidgetView.swift */; };
		30A52E042CF02A8000724934 /* SmallWidgetView.swift in Sources */ = {isa = PBXBuildFile; fileRef = 30A52DFD2CF02A0A00724934 /* SmallWidgetView.swift */; };
		30A52E052CF02A8300724934 /* LargeWidgetView.swift in Sources */ = {isa = PBXBuildFile; fileRef = 30A52E012CF02A1D00724934 /* LargeWidgetView.swift */; };
		30A52E0B2CF05D0600724934 /* Extension+Color+Widget.swift in Sources */ = {isa = PBXBuildFile; fileRef = 30A52E092CF05D0300724934 /* Extension+Color+Widget.swift */; };
		30A52E0C2CF05ED300724934 /* Extension+Color.swift in Sources */ = {isa = PBXBuildFile; fileRef = 36B7C9852ADE26C000F7A140 /* Extension+Color.swift */; };
		30C44DFD2CF32BCF004EEA79 /* Localizable.xcstrings in Resources */ = {isa = PBXBuildFile; fileRef = 364FC7602B0C3C63009AF157 /* Localizable.xcstrings */; };
		30E4AE762CEC8C6700B6C503 /* FirebaseAnalytics in Frameworks */ = {isa = PBXBuildFile; productRef = 30E4AE752CEC8C6700B6C503 /* FirebaseAnalytics */; };
		30E4AE782CEC8C6700B6C503 /* FirebaseAppCheck in Frameworks */ = {isa = PBXBuildFile; productRef = 30E4AE772CEC8C6700B6C503 /* FirebaseAppCheck */; };
		30E4AE7A2CEC8C6700B6C503 /* FirebaseAuth in Frameworks */ = {isa = PBXBuildFile; productRef = 30E4AE792CEC8C6700B6C503 /* FirebaseAuth */; };
		30E4AE7C2CEC8C6700B6C503 /* FirebaseCore in Frameworks */ = {isa = PBXBuildFile; productRef = 30E4AE7B2CEC8C6700B6C503 /* FirebaseCore */; };
		30E4AE7E2CEC8C6700B6C503 /* FirebaseCrashlytics in Frameworks */ = {isa = PBXBuildFile; productRef = 30E4AE7D2CEC8C6700B6C503 /* FirebaseCrashlytics */; };
		30E4AE802CEC8C6700B6C503 /* FirebaseDatabase in Frameworks */ = {isa = PBXBuildFile; productRef = 30E4AE7F2CEC8C6700B6C503 /* FirebaseDatabase */; };
		30E4AE822CEC8C6700B6C503 /* FirebaseMessaging in Frameworks */ = {isa = PBXBuildFile; productRef = 30E4AE812CEC8C6700B6C503 /* FirebaseMessaging */; };
		30E4AE842CEC8C6700B6C503 /* FirebaseStorage in Frameworks */ = {isa = PBXBuildFile; productRef = 30E4AE832CEC8C6700B6C503 /* FirebaseStorage */; };
		30E4AE8A2CEC8D5000B6C503 /* GoogleMobileAds in Frameworks */ = {isa = PBXBuildFile; productRef = 30E4AE892CEC8D5000B6C503 /* GoogleMobileAds */; };
		34A0ACB39B1EDF09F4B26988 /* Pods_yamTODO.framework in Frameworks */ = {isa = PBXBuildFile; fileRef = DA8820A7CA460A4C59DFEF42 /* Pods_yamTODO.framework */; };
		364FC7612B0C3C63009AF157 /* Localizable.xcstrings in Resources */ = {isa = PBXBuildFile; fileRef = 364FC7602B0C3C63009AF157 /* Localizable.xcstrings */; };
		364FC7642B0D9A37009AF157 /* ColorSelectView.swift in Sources */ = {isa = PBXBuildFile; fileRef = 364FC7632B0D9A37009AF157 /* ColorSelectView.swift */; };
		364FC7BB2B0F04A9009AF157 /* ColorSelectCell.swift in Sources */ = {isa = PBXBuildFile; fileRef = 364FC7BA2B0F04A9009AF157 /* ColorSelectCell.swift */; };
		364FC7BD2B0F0976009AF157 /* ColorSettingModel.swift in Sources */ = {isa = PBXBuildFile; fileRef = 364FC7BC2B0F0976009AF157 /* ColorSettingModel.swift */; };
		364FC7BF2B0F1B8B009AF157 /* ColorSettingMainView.swift in Sources */ = {isa = PBXBuildFile; fileRef = 364FC7BE2B0F1B8B009AF157 /* ColorSettingMainView.swift */; };
		364FC7C22B0F2A0C009AF157 /* ColorSettingCell.swift in Sources */ = {isa = PBXBuildFile; fileRef = 364FC7C12B0F2A0C009AF157 /* ColorSettingCell.swift */; };
		364FC7C42B0F2C77009AF157 /* TriangleView.swift in Sources */ = {isa = PBXBuildFile; fileRef = 364FC7C32B0F2C77009AF157 /* TriangleView.swift */; };
		3678A7042AF2304F00D7745F /* DayOfWeekManager.swift in Sources */ = {isa = PBXBuildFile; fileRef = 3678A7032AF2304F00D7745F /* DayOfWeekManager.swift */; };
		3693507F2AF8B6500040AF26 /* TasksByDay.swift in Sources */ = {isa = PBXBuildFile; fileRef = 3693507E2AF8B6500040AF26 /* TasksByDay.swift */; };
		369350862AFB05120040AF26 /* RealmManager.swift in Sources */ = {isa = PBXBuildFile; fileRef = 369350852AFB05120040AF26 /* RealmManager.swift */; };
		369350882AFB170E0040AF26 /* DetailPopupView.swift in Sources */ = {isa = PBXBuildFile; fileRef = 369350872AFB170E0040AF26 /* DetailPopupView.swift */; };
		36A909E52AFCB88F00848754 /* Extension+Date.swift in Sources */ = {isa = PBXBuildFile; fileRef = 36A909E42AFCB88F00848754 /* Extension+Date.swift */; };
		36B7C92A2ADCFCF700F7A140 /* yamTODOApp.swift in Sources */ = {isa = PBXBuildFile; fileRef = 36B7C9292ADCFCF700F7A140 /* yamTODOApp.swift */; };
		36B7C92C2ADCFCF700F7A140 /* ContentView.swift in Sources */ = {isa = PBXBuildFile; fileRef = 36B7C92B2ADCFCF700F7A140 /* ContentView.swift */; };
		36B7C92E2ADCFCF800F7A140 /* Assets.xcassets in Resources */ = {isa = PBXBuildFile; fileRef = 36B7C92D2ADCFCF800F7A140 /* Assets.xcassets */; };
		36B7C9312ADCFCF800F7A140 /* Preview Assets.xcassets in Resources */ = {isa = PBXBuildFile; fileRef = 36B7C9302ADCFCF800F7A140 /* Preview Assets.xcassets */; };
		36B7C93B2ADCFCF800F7A140 /* yamTODOTests.swift in Sources */ = {isa = PBXBuildFile; fileRef = 36B7C93A2ADCFCF800F7A140 /* yamTODOTests.swift */; };
		36B7C9452ADCFCF800F7A140 /* yamTODOUITests.swift in Sources */ = {isa = PBXBuildFile; fileRef = 36B7C9442ADCFCF800F7A140 /* yamTODOUITests.swift */; };
		36B7C9472ADCFCF800F7A140 /* yamTODOUITestsLaunchTests.swift in Sources */ = {isa = PBXBuildFile; fileRef = 36B7C9462ADCFCF800F7A140 /* yamTODOUITestsLaunchTests.swift */; };
		36B7C9572ADD19C200F7A140 /* Task.swift in Sources */ = {isa = PBXBuildFile; fileRef = 36B7C9562ADD19C200F7A140 /* Task.swift */; };
		36B7C9702ADD233300F7A140 /* AppDelegate.swift in Sources */ = {isa = PBXBuildFile; fileRef = 36B7C96F2ADD233300F7A140 /* AppDelegate.swift */; };
		36B7C9732ADD25EC00F7A140 /* LoginView.swift in Sources */ = {isa = PBXBuildFile; fileRef = 36B7C9722ADD25EC00F7A140 /* LoginView.swift */; };
		36B7C9752ADE18B800F7A140 /* CalendarView.swift in Sources */ = {isa = PBXBuildFile; fileRef = 36B7C9742ADE18B800F7A140 /* CalendarView.swift */; };
		36B7C9772ADE19C700F7A140 /* TaskListView.swift in Sources */ = {isa = PBXBuildFile; fileRef = 36B7C9762ADE19C700F7A140 /* TaskListView.swift */; };
		36B7C9792ADE19EC00F7A140 /* TaskItemView.swift in Sources */ = {isa = PBXBuildFile; fileRef = 36B7C9782ADE19EC00F7A140 /* TaskItemView.swift */; };
		36B7C9802ADE1A3F00F7A140 /* UserDefaultValue.swift in Sources */ = {isa = PBXBuildFile; fileRef = 36B7C97F2ADE1A3F00F7A140 /* UserDefaultValue.swift */; };
		36B7C9822ADE1A6F00F7A140 /* UserColorData.swift in Sources */ = {isa = PBXBuildFile; fileRef = 36B7C9812ADE1A6F00F7A140 /* UserColorData.swift */; };
		36B7C9862ADE26C000F7A140 /* Extension+Color.swift in Sources */ = {isa = PBXBuildFile; fileRef = 36B7C9852ADE26C000F7A140 /* Extension+Color.swift */; };
		36B7C9982ADF51DD00F7A140 /* TaskMainView.swift in Sources */ = {isa = PBXBuildFile; fileRef = 36B7C9972ADF51DD00F7A140 /* TaskMainView.swift */; };
		36B7C99C2ADF63FB00F7A140 /* TaskHeader.swift in Sources */ = {isa = PBXBuildFile; fileRef = 36B7C99B2ADF63FB00F7A140 /* TaskHeader.swift */; };
		36B7C9A72ADFB05700F7A140 /* APIError.swift in Sources */ = {isa = PBXBuildFile; fileRef = 36B7C9A62ADFB05700F7A140 /* APIError.swift */; };
		36B7C9A92ADFB07300F7A140 /* Request.swift in Sources */ = {isa = PBXBuildFile; fileRef = 36B7C9A82ADFB07300F7A140 /* Request.swift */; };
		36B7C9AB2ADFB0AE00F7A140 /* APIClient.swift in Sources */ = {isa = PBXBuildFile; fileRef = 36B7C9AA2ADFB0AE00F7A140 /* APIClient.swift */; };
		36B7C9AE2ADFB35200F7A140 /* Serializable.swift in Sources */ = {isa = PBXBuildFile; fileRef = 36B7C9AD2ADFB35200F7A140 /* Serializable.swift */; };
		36CE88932B159BFE00DA2512 /* ColorEditView.swift in Sources */ = {isa = PBXBuildFile; fileRef = 36CE88922B159BFE00DA2512 /* ColorEditView.swift */; };
		36CE889B2B17025500DA2512 /* RealmMigration.swift in Sources */ = {isa = PBXBuildFile; fileRef = 36CE889A2B17025500DA2512 /* RealmMigration.swift */; };
		36CFD9742B02EEDE0037E03D /* SelectTask.swift in Sources */ = {isa = PBXBuildFile; fileRef = 36CFD9732B02EEDE0037E03D /* SelectTask.swift */; };
		36EDCF3C2AEB9E6F004F2483 /* LoginModel.swift in Sources */ = {isa = PBXBuildFile; fileRef = 36EDCF3B2AEB9E6F004F2483 /* LoginModel.swift */; };
		36EDCF3F2AEF6607004F2483 /* Alamofire in Frameworks */ = {isa = PBXBuildFile; productRef = 36EDCF3E2AEF6607004F2483 /* Alamofire */; };
		36EDCF412AEF6A0F004F2483 /* NetworkMonitor.swift in Sources */ = {isa = PBXBuildFile; fileRef = 36EDCF402AEF6A0F004F2483 /* NetworkMonitor.swift */; };
		36EDCF442AEF880E004F2483 /* LoginIntent.swift in Sources */ = {isa = PBXBuildFile; fileRef = 36EDCF432AEF880E004F2483 /* LoginIntent.swift */; };
		36EDCF462AEF8889004F2483 /* EditPopupView.swift in Sources */ = {isa = PBXBuildFile; fileRef = 36EDCF452AEF8889004F2483 /* EditPopupView.swift */; };
		36EDCF4A2AEF9583004F2483 /* Repeats.swift in Sources */ = {isa = PBXBuildFile; fileRef = 36EDCF492AEF9583004F2483 /* Repeats.swift */; };
		36EDCF4D2AF08585004F2483 /* MainTabView.swift in Sources */ = {isa = PBXBuildFile; fileRef = 36EDCF4C2AF08585004F2483 /* MainTabView.swift */; };
		36EDCF502AF087C6004F2483 /* MyPageView.swift in Sources */ = {isa = PBXBuildFile; fileRef = 36EDCF4F2AF087C6004F2483 /* MyPageView.swift */; };
		36EDCF532AF089AA004F2483 /* Symbol.swift in Sources */ = {isa = PBXBuildFile; fileRef = 36EDCF522AF089AA004F2483 /* Symbol.swift */; };
		36FBAA7C2B05A4A200FC78AB /* CalendarMainView.swift in Sources */ = {isa = PBXBuildFile; fileRef = 36FBAA7B2B05A4A200FC78AB /* CalendarMainView.swift */; };
		36FBAA7F2B05F01000FC78AB /* RepeatSettingView.swift in Sources */ = {isa = PBXBuildFile; fileRef = 36FBAA7E2B05F01000FC78AB /* RepeatSettingView.swift */; };
		36FBAA872B06004000FC78AB /* RepeatView.swift in Sources */ = {isa = PBXBuildFile; fileRef = 36FBAA862B06004000FC78AB /* RepeatView.swift */; };
		36FBAA8B2B0717E500FC78AB /* RepeatItemView.swift in Sources */ = {isa = PBXBuildFile; fileRef = 36FBAA8A2B0717E500FC78AB /* RepeatItemView.swift */; };
		36FBAA8D2B07527000FC78AB /* MailView.swift in Sources */ = {isa = PBXBuildFile; fileRef = 36FBAA8C2B07527000FC78AB /* MailView.swift */; };
		E158B064B856D7558849D266 /* Pods_yamTODO_yamTODOUITests.framework in Frameworks */ = {isa = PBXBuildFile; fileRef = 6818C9FD537D6A8BBFC9465E /* Pods_yamTODO_yamTODOUITests.framework */; };
/* End PBXBuildFile section */

/* Begin PBXContainerItemProxy section */
		30001A652CEEFD8200B3C2A4 /* PBXContainerItemProxy */ = {
			isa = PBXContainerItemProxy;
			containerPortal = 36B7C91E2ADCFCF700F7A140 /* Project object */;
			proxyType = 1;
			remoteGlobalIDString = 30001A532CEEFD8100B3C2A4;
			remoteInfo = YamWidgetExtension;
		};
		36B7C9372ADCFCF800F7A140 /* PBXContainerItemProxy */ = {
			isa = PBXContainerItemProxy;
			containerPortal = 36B7C91E2ADCFCF700F7A140 /* Project object */;
			proxyType = 1;
			remoteGlobalIDString = 36B7C9252ADCFCF700F7A140;
			remoteInfo = yamTODO;
		};
		36B7C9412ADCFCF800F7A140 /* PBXContainerItemProxy */ = {
			isa = PBXContainerItemProxy;
			containerPortal = 36B7C91E2ADCFCF700F7A140 /* Project object */;
			proxyType = 1;
			remoteGlobalIDString = 36B7C9252ADCFCF700F7A140;
			remoteInfo = yamTODO;
		};
/* End PBXContainerItemProxy section */

/* Begin PBXCopyFilesBuildPhase section */
		30001A6B2CEEFD8200B3C2A4 /* Embed Foundation Extensions */ = {
			isa = PBXCopyFilesBuildPhase;
			buildActionMask = 2147483647;
			dstPath = "";
			dstSubfolderSpec = 13;
			files = (
				30001A672CEEFD8200B3C2A4 /* YamWidgetExtension.appex in Embed Foundation Extensions */,
			);
			name = "Embed Foundation Extensions";
			runOnlyForDeploymentPostprocessing = 0;
		};
/* End PBXCopyFilesBuildPhase section */

/* Begin PBXFileReference section */
		0AFFC2BF5127E5B03BF3510C /* Pods-yamTODO-yamTODOUITests.debug.xcconfig */ = {isa = PBXFileReference; includeInIndex = 1; lastKnownFileType = text.xcconfig; name = "Pods-yamTODO-yamTODOUITests.debug.xcconfig"; path = "Target Support Files/Pods-yamTODO-yamTODOUITests/Pods-yamTODO-yamTODOUITests.debug.xcconfig"; sourceTree = "<group>"; };
		2BC391CE3225E47734F24974 /* Pods-yamTODOTests.debug.xcconfig */ = {isa = PBXFileReference; includeInIndex = 1; lastKnownFileType = text.xcconfig; name = "Pods-yamTODOTests.debug.xcconfig"; path = "Target Support Files/Pods-yamTODOTests/Pods-yamTODOTests.debug.xcconfig"; sourceTree = "<group>"; };
		2F4157274F6ECDE5FEA370DE /* Pods-yamTODO.debug.xcconfig */ = {isa = PBXFileReference; includeInIndex = 1; lastKnownFileType = text.xcconfig; name = "Pods-yamTODO.debug.xcconfig"; path = "Target Support Files/Pods-yamTODO/Pods-yamTODO.debug.xcconfig"; sourceTree = "<group>"; };
		30001A4F2CEEFCA600B3C2A4 /* yamTODO.entitlements */ = {isa = PBXFileReference; lastKnownFileType = text.plist.entitlements; path = yamTODO.entitlements; sourceTree = "<group>"; };
		30001A542CEEFD8100B3C2A4 /* YamWidgetExtension.appex */ = {isa = PBXFileReference; explicitFileType = "wrapper.app-extension"; includeInIndex = 0; path = YamWidgetExtension.appex; sourceTree = BUILT_PRODUCTS_DIR; };
		30001A552CEEFD8100B3C2A4 /* WidgetKit.framework */ = {isa = PBXFileReference; lastKnownFileType = wrapper.framework; name = WidgetKit.framework; path = System/Library/Frameworks/WidgetKit.framework; sourceTree = SDKROOT; };
		30001A572CEEFD8100B3C2A4 /* SwiftUI.framework */ = {isa = PBXFileReference; lastKnownFileType = wrapper.framework; name = SwiftUI.framework; path = System/Library/Frameworks/SwiftUI.framework; sourceTree = SDKROOT; };
		30001A5A2CEEFD8100B3C2A4 /* YamWidgetBundle.swift */ = {isa = PBXFileReference; lastKnownFileType = sourcecode.swift; path = YamWidgetBundle.swift; sourceTree = "<group>"; };
		30001A5C2CEEFD8100B3C2A4 /* YamWidgetLiveActivity.swift */ = {isa = PBXFileReference; lastKnownFileType = sourcecode.swift; path = YamWidgetLiveActivity.swift; sourceTree = "<group>"; };
		30001A5E2CEEFD8100B3C2A4 /* YamWidget.swift */ = {isa = PBXFileReference; lastKnownFileType = sourcecode.swift; path = YamWidget.swift; sourceTree = "<group>"; };
		30001A602CEEFD8100B3C2A4 /* AppIntent.swift */ = {isa = PBXFileReference; lastKnownFileType = sourcecode.swift; path = AppIntent.swift; sourceTree = "<group>"; };
		30001A622CEEFD8200B3C2A4 /* Assets.xcassets */ = {isa = PBXFileReference; lastKnownFileType = folder.assetcatalog; path = Assets.xcassets; sourceTree = "<group>"; };
		30001A642CEEFD8200B3C2A4 /* Info.plist */ = {isa = PBXFileReference; lastKnownFileType = text.plist.xml; path = Info.plist; sourceTree = "<group>"; };
		30001A6C2CEEFD9B00B3C2A4 /* YamWidgetExtension.entitlements */ = {isa = PBXFileReference; lastKnownFileType = text.plist.entitlements; path = YamWidgetExtension.entitlements; sourceTree = "<group>"; };
		300E65472B077E7A00DB3684 /* CalendarCellView.swift */ = {isa = PBXFileReference; lastKnownFileType = sourcecode.swift; path = CalendarCellView.swift; sourceTree = "<group>"; };
		300E65492B07A7EB00DB3684 /* TasksByMonth.swift */ = {isa = PBXFileReference; lastKnownFileType = sourcecode.swift; path = TasksByMonth.swift; sourceTree = "<group>"; };
		300E65512B08C59800DB3684 /* TitleTextView.swift */ = {isa = PBXFileReference; lastKnownFileType = sourcecode.swift; path = TitleTextView.swift; sourceTree = "<group>"; };
		300E65532B08FD5C00DB3684 /* RepeatDetailPopupView.swift */ = {isa = PBXFileReference; lastKnownFileType = sourcecode.swift; path = RepeatDetailPopupView.swift; sourceTree = "<group>"; };
		301C90372AF69326008BEB80 /* DetailTextView.swift */ = {isa = PBXFileReference; lastKnownFileType = sourcecode.swift; path = DetailTextView.swift; sourceTree = "<group>"; };
		304DC5C42B0E2A4E00E01656 /* Info.plist */ = {isa = PBXFileReference; lastKnownFileType = text.plist; path = Info.plist; sourceTree = "<group>"; };
		304DC5C62B0E2C5300E01656 /* AdmobBannerView.swift */ = {isa = PBXFileReference; lastKnownFileType = sourcecode.swift; path = AdmobBannerView.swift; sourceTree = "<group>"; };
		304DC5CE2B10E05C00E01656 /* InfoPlist.xcstrings */ = {isa = PBXFileReference; lastKnownFileType = text.json.xcstrings; path = InfoPlist.xcstrings; sourceTree = "<group>"; };
		30596AA52CFD8A0A005A6701 /* RewardAdManager.swift */ = {isa = PBXFileReference; lastKnownFileType = sourcecode.swift; path = RewardAdManager.swift; sourceTree = "<group>"; };
		30596AA72CFD8A20005A6701 /* RewardAdView.swift */ = {isa = PBXFileReference; lastKnownFileType = sourcecode.swift; path = RewardAdView.swift; sourceTree = "<group>"; };
		30596AAB2CFD92BD005A6701 /* GoogleService-Info.plist */ = {isa = PBXFileReference; fileEncoding = 4; lastKnownFileType = text.plist.xml; path = "GoogleService-Info.plist"; sourceTree = "<group>"; };
		30A52DF52CEF23C600724934 /* RealmManagerForWidget.swift */ = {isa = PBXFileReference; lastKnownFileType = sourcecode.swift; path = RealmManagerForWidget.swift; sourceTree = "<group>"; };
		30A52DF82CEF28D400724934 /* TasksByDateObject.swift */ = {isa = PBXFileReference; lastKnownFileType = sourcecode.swift; path = TasksByDateObject.swift; sourceTree = "<group>"; };
		30A52DFD2CF02A0A00724934 /* SmallWidgetView.swift */ = {isa = PBXFileReference; lastKnownFileType = sourcecode.swift; path = SmallWidgetView.swift; sourceTree = "<group>"; };
		30A52DFF2CF02A1400724934 /* MediumWidgetView.swift */ = {isa = PBXFileReference; lastKnownFileType = sourcecode.swift; path = MediumWidgetView.swift; sourceTree = "<group>"; };
		30A52E012CF02A1D00724934 /* LargeWidgetView.swift */ = {isa = PBXFileReference; lastKnownFileType = sourcecode.swift; path = LargeWidgetView.swift; sourceTree = "<group>"; };
		30A52E092CF05D0300724934 /* Extension+Color+Widget.swift */ = {isa = PBXFileReference; lastKnownFileType = sourcecode.swift; path = "Extension+Color+Widget.swift"; sourceTree = "<group>"; };
		364FC7602B0C3C63009AF157 /* Localizable.xcstrings */ = {isa = PBXFileReference; lastKnownFileType = text.json.xcstrings; path = Localizable.xcstrings; sourceTree = "<group>"; };
		364FC7632B0D9A37009AF157 /* ColorSelectView.swift */ = {isa = PBXFileReference; lastKnownFileType = sourcecode.swift; path = ColorSelectView.swift; sourceTree = "<group>"; };
		364FC7BA2B0F04A9009AF157 /* ColorSelectCell.swift */ = {isa = PBXFileReference; lastKnownFileType = sourcecode.swift; path = ColorSelectCell.swift; sourceTree = "<group>"; };
		364FC7BC2B0F0976009AF157 /* ColorSettingModel.swift */ = {isa = PBXFileReference; lastKnownFileType = sourcecode.swift; path = ColorSettingModel.swift; sourceTree = "<group>"; };
		364FC7BE2B0F1B8B009AF157 /* ColorSettingMainView.swift */ = {isa = PBXFileReference; lastKnownFileType = sourcecode.swift; path = ColorSettingMainView.swift; sourceTree = "<group>"; };
		364FC7C12B0F2A0C009AF157 /* ColorSettingCell.swift */ = {isa = PBXFileReference; lastKnownFileType = sourcecode.swift; path = ColorSettingCell.swift; sourceTree = "<group>"; };
		364FC7C32B0F2C77009AF157 /* TriangleView.swift */ = {isa = PBXFileReference; lastKnownFileType = sourcecode.swift; path = TriangleView.swift; sourceTree = "<group>"; };
		3678A7032AF2304F00D7745F /* DayOfWeekManager.swift */ = {isa = PBXFileReference; lastKnownFileType = sourcecode.swift; path = DayOfWeekManager.swift; sourceTree = "<group>"; };
		3693507E2AF8B6500040AF26 /* TasksByDay.swift */ = {isa = PBXFileReference; lastKnownFileType = sourcecode.swift; path = TasksByDay.swift; sourceTree = "<group>"; };
		369350852AFB05120040AF26 /* RealmManager.swift */ = {isa = PBXFileReference; lastKnownFileType = sourcecode.swift; path = RealmManager.swift; sourceTree = "<group>"; };
		369350872AFB170E0040AF26 /* DetailPopupView.swift */ = {isa = PBXFileReference; lastKnownFileType = sourcecode.swift; path = DetailPopupView.swift; sourceTree = "<group>"; };
		36A909E42AFCB88F00848754 /* Extension+Date.swift */ = {isa = PBXFileReference; lastKnownFileType = sourcecode.swift; path = "Extension+Date.swift"; sourceTree = "<group>"; };
		36B7C9262ADCFCF700F7A140 /* yamTODO.app */ = {isa = PBXFileReference; explicitFileType = wrapper.application; includeInIndex = 0; path = yamTODO.app; sourceTree = BUILT_PRODUCTS_DIR; };
		36B7C9292ADCFCF700F7A140 /* yamTODOApp.swift */ = {isa = PBXFileReference; lastKnownFileType = sourcecode.swift; path = yamTODOApp.swift; sourceTree = "<group>"; };
		36B7C92B2ADCFCF700F7A140 /* ContentView.swift */ = {isa = PBXFileReference; lastKnownFileType = sourcecode.swift; path = ContentView.swift; sourceTree = "<group>"; };
		36B7C92D2ADCFCF800F7A140 /* Assets.xcassets */ = {isa = PBXFileReference; lastKnownFileType = folder.assetcatalog; path = Assets.xcassets; sourceTree = "<group>"; };
		36B7C9302ADCFCF800F7A140 /* Preview Assets.xcassets */ = {isa = PBXFileReference; lastKnownFileType = folder.assetcatalog; path = "Preview Assets.xcassets"; sourceTree = "<group>"; };
		36B7C9362ADCFCF800F7A140 /* yamTODOTests.xctest */ = {isa = PBXFileReference; explicitFileType = wrapper.cfbundle; includeInIndex = 0; path = yamTODOTests.xctest; sourceTree = BUILT_PRODUCTS_DIR; };
		36B7C93A2ADCFCF800F7A140 /* yamTODOTests.swift */ = {isa = PBXFileReference; lastKnownFileType = sourcecode.swift; path = yamTODOTests.swift; sourceTree = "<group>"; };
		36B7C9402ADCFCF800F7A140 /* yamTODOUITests.xctest */ = {isa = PBXFileReference; explicitFileType = wrapper.cfbundle; includeInIndex = 0; path = yamTODOUITests.xctest; sourceTree = BUILT_PRODUCTS_DIR; };
		36B7C9442ADCFCF800F7A140 /* yamTODOUITests.swift */ = {isa = PBXFileReference; lastKnownFileType = sourcecode.swift; path = yamTODOUITests.swift; sourceTree = "<group>"; };
		36B7C9462ADCFCF800F7A140 /* yamTODOUITestsLaunchTests.swift */ = {isa = PBXFileReference; lastKnownFileType = sourcecode.swift; path = yamTODOUITestsLaunchTests.swift; sourceTree = "<group>"; };
		36B7C9562ADD19C200F7A140 /* Task.swift */ = {isa = PBXFileReference; lastKnownFileType = sourcecode.swift; path = Task.swift; sourceTree = "<group>"; };
		36B7C96F2ADD233300F7A140 /* AppDelegate.swift */ = {isa = PBXFileReference; lastKnownFileType = sourcecode.swift; path = AppDelegate.swift; sourceTree = "<group>"; };
		36B7C9722ADD25EC00F7A140 /* LoginView.swift */ = {isa = PBXFileReference; lastKnownFileType = sourcecode.swift; path = LoginView.swift; sourceTree = "<group>"; };
		36B7C9742ADE18B800F7A140 /* CalendarView.swift */ = {isa = PBXFileReference; lastKnownFileType = sourcecode.swift; path = CalendarView.swift; sourceTree = "<group>"; };
		36B7C9762ADE19C700F7A140 /* TaskListView.swift */ = {isa = PBXFileReference; lastKnownFileType = sourcecode.swift; path = TaskListView.swift; sourceTree = "<group>"; };
		36B7C9782ADE19EC00F7A140 /* TaskItemView.swift */ = {isa = PBXFileReference; lastKnownFileType = sourcecode.swift; path = TaskItemView.swift; sourceTree = "<group>"; };
		36B7C97F2ADE1A3F00F7A140 /* UserDefaultValue.swift */ = {isa = PBXFileReference; lastKnownFileType = sourcecode.swift; path = UserDefaultValue.swift; sourceTree = "<group>"; };
		36B7C9812ADE1A6F00F7A140 /* UserColorData.swift */ = {isa = PBXFileReference; lastKnownFileType = sourcecode.swift; path = UserColorData.swift; sourceTree = "<group>"; };
		36B7C9852ADE26C000F7A140 /* Extension+Color.swift */ = {isa = PBXFileReference; lastKnownFileType = sourcecode.swift; path = "Extension+Color.swift"; sourceTree = "<group>"; };
		36B7C9972ADF51DD00F7A140 /* TaskMainView.swift */ = {isa = PBXFileReference; lastKnownFileType = sourcecode.swift; path = TaskMainView.swift; sourceTree = "<group>"; };
		36B7C99B2ADF63FB00F7A140 /* TaskHeader.swift */ = {isa = PBXFileReference; lastKnownFileType = sourcecode.swift; path = TaskHeader.swift; sourceTree = "<group>"; };
		36B7C9A62ADFB05700F7A140 /* APIError.swift */ = {isa = PBXFileReference; lastKnownFileType = sourcecode.swift; path = APIError.swift; sourceTree = "<group>"; };
		36B7C9A82ADFB07300F7A140 /* Request.swift */ = {isa = PBXFileReference; lastKnownFileType = sourcecode.swift; path = Request.swift; sourceTree = "<group>"; };
		36B7C9AA2ADFB0AE00F7A140 /* APIClient.swift */ = {isa = PBXFileReference; lastKnownFileType = sourcecode.swift; path = APIClient.swift; sourceTree = "<group>"; };
		36B7C9AD2ADFB35200F7A140 /* Serializable.swift */ = {isa = PBXFileReference; lastKnownFileType = sourcecode.swift; path = Serializable.swift; sourceTree = "<group>"; };
		36CE88922B159BFE00DA2512 /* ColorEditView.swift */ = {isa = PBXFileReference; lastKnownFileType = sourcecode.swift; path = ColorEditView.swift; sourceTree = "<group>"; };
		36CE889A2B17025500DA2512 /* RealmMigration.swift */ = {isa = PBXFileReference; lastKnownFileType = sourcecode.swift; path = RealmMigration.swift; sourceTree = "<group>"; };
		36CFD9732B02EEDE0037E03D /* SelectTask.swift */ = {isa = PBXFileReference; lastKnownFileType = sourcecode.swift; path = SelectTask.swift; sourceTree = "<group>"; };
		36EDCF3B2AEB9E6F004F2483 /* LoginModel.swift */ = {isa = PBXFileReference; lastKnownFileType = sourcecode.swift; path = LoginModel.swift; sourceTree = "<group>"; };
		36EDCF402AEF6A0F004F2483 /* NetworkMonitor.swift */ = {isa = PBXFileReference; lastKnownFileType = sourcecode.swift; path = NetworkMonitor.swift; sourceTree = "<group>"; };
		36EDCF432AEF880E004F2483 /* LoginIntent.swift */ = {isa = PBXFileReference; lastKnownFileType = sourcecode.swift; path = LoginIntent.swift; sourceTree = "<group>"; };
		36EDCF452AEF8889004F2483 /* EditPopupView.swift */ = {isa = PBXFileReference; lastKnownFileType = sourcecode.swift; path = EditPopupView.swift; sourceTree = "<group>"; };
		36EDCF492AEF9583004F2483 /* Repeats.swift */ = {isa = PBXFileReference; lastKnownFileType = sourcecode.swift; path = Repeats.swift; sourceTree = "<group>"; };
		36EDCF4C2AF08585004F2483 /* MainTabView.swift */ = {isa = PBXFileReference; lastKnownFileType = sourcecode.swift; path = MainTabView.swift; sourceTree = "<group>"; };
		36EDCF4F2AF087C6004F2483 /* MyPageView.swift */ = {isa = PBXFileReference; lastKnownFileType = sourcecode.swift; path = MyPageView.swift; sourceTree = "<group>"; };
		36EDCF522AF089AA004F2483 /* Symbol.swift */ = {isa = PBXFileReference; lastKnownFileType = sourcecode.swift; path = Symbol.swift; sourceTree = "<group>"; };
		36FBAA7B2B05A4A200FC78AB /* CalendarMainView.swift */ = {isa = PBXFileReference; lastKnownFileType = sourcecode.swift; path = CalendarMainView.swift; sourceTree = "<group>"; };
		36FBAA7E2B05F01000FC78AB /* RepeatSettingView.swift */ = {isa = PBXFileReference; lastKnownFileType = sourcecode.swift; path = RepeatSettingView.swift; sourceTree = "<group>"; };
		36FBAA862B06004000FC78AB /* RepeatView.swift */ = {isa = PBXFileReference; lastKnownFileType = sourcecode.swift; path = RepeatView.swift; sourceTree = "<group>"; };
		36FBAA8A2B0717E500FC78AB /* RepeatItemView.swift */ = {isa = PBXFileReference; lastKnownFileType = sourcecode.swift; path = RepeatItemView.swift; sourceTree = "<group>"; };
		36FBAA8C2B07527000FC78AB /* MailView.swift */ = {isa = PBXFileReference; lastKnownFileType = sourcecode.swift; path = MailView.swift; sourceTree = "<group>"; };
		49B6CA3C42B3ACEF52B30D01 /* Pods-yamTODO-YamWidgetExtension.release.xcconfig */ = {isa = PBXFileReference; includeInIndex = 1; lastKnownFileType = text.xcconfig; name = "Pods-yamTODO-YamWidgetExtension.release.xcconfig"; path = "Target Support Files/Pods-yamTODO-YamWidgetExtension/Pods-yamTODO-YamWidgetExtension.release.xcconfig"; sourceTree = "<group>"; };
		5E061409B812368EA3AD91A6 /* Pods-yamTODOTests.release.xcconfig */ = {isa = PBXFileReference; includeInIndex = 1; lastKnownFileType = text.xcconfig; name = "Pods-yamTODOTests.release.xcconfig"; path = "Target Support Files/Pods-yamTODOTests/Pods-yamTODOTests.release.xcconfig"; sourceTree = "<group>"; };
		6818C9FD537D6A8BBFC9465E /* Pods_yamTODO_yamTODOUITests.framework */ = {isa = PBXFileReference; explicitFileType = wrapper.framework; includeInIndex = 0; path = Pods_yamTODO_yamTODOUITests.framework; sourceTree = BUILT_PRODUCTS_DIR; };
		79E56F943FB1F8C53AEF032B /* Pods-yamTODO.release.xcconfig */ = {isa = PBXFileReference; includeInIndex = 1; lastKnownFileType = text.xcconfig; name = "Pods-yamTODO.release.xcconfig"; path = "Target Support Files/Pods-yamTODO/Pods-yamTODO.release.xcconfig"; sourceTree = "<group>"; };
		9D3161EF3E5E03E53167B7CB /* Pods_yamTODO_YamWidgetExtension.framework */ = {isa = PBXFileReference; explicitFileType = wrapper.framework; includeInIndex = 0; path = Pods_yamTODO_YamWidgetExtension.framework; sourceTree = BUILT_PRODUCTS_DIR; };
		9E8C1960195E47F4439E9D43 /* Pods_yamTODOTests.framework */ = {isa = PBXFileReference; explicitFileType = wrapper.framework; includeInIndex = 0; path = Pods_yamTODOTests.framework; sourceTree = BUILT_PRODUCTS_DIR; };
		9EF5A7602B644897C7AE005B /* Pods-yamTODO-yamTODOUITests.release.xcconfig */ = {isa = PBXFileReference; includeInIndex = 1; lastKnownFileType = text.xcconfig; name = "Pods-yamTODO-yamTODOUITests.release.xcconfig"; path = "Target Support Files/Pods-yamTODO-yamTODOUITests/Pods-yamTODO-yamTODOUITests.release.xcconfig"; sourceTree = "<group>"; };
		DA8820A7CA460A4C59DFEF42 /* Pods_yamTODO.framework */ = {isa = PBXFileReference; explicitFileType = wrapper.framework; includeInIndex = 0; path = Pods_yamTODO.framework; sourceTree = BUILT_PRODUCTS_DIR; };
		EA059A365998D40C3C82E49D /* Pods-yamTODO-YamWidgetExtension.debug.xcconfig */ = {isa = PBXFileReference; includeInIndex = 1; lastKnownFileType = text.xcconfig; name = "Pods-yamTODO-YamWidgetExtension.debug.xcconfig"; path = "Target Support Files/Pods-yamTODO-YamWidgetExtension/Pods-yamTODO-YamWidgetExtension.debug.xcconfig"; sourceTree = "<group>"; };
/* End PBXFileReference section */

/* Begin PBXFrameworksBuildPhase section */
		30001A512CEEFD8100B3C2A4 /* Frameworks */ = {
			isa = PBXFrameworksBuildPhase;
			buildActionMask = 2147483647;
			files = (
				30001A582CEEFD8100B3C2A4 /* SwiftUI.framework in Frameworks */,
				30001A562CEEFD8100B3C2A4 /* WidgetKit.framework in Frameworks */,
				01B5C7A398186645D1C748DC /* Pods_yamTODO_YamWidgetExtension.framework in Frameworks */,
			);
			runOnlyForDeploymentPostprocessing = 0;
		};
		36B7C9232ADCFCF700F7A140 /* Frameworks */ = {
			isa = PBXFrameworksBuildPhase;
			buildActionMask = 2147483647;
			files = (
				30E4AE7A2CEC8C6700B6C503 /* FirebaseAuth in Frameworks */,
				30E4AE822CEC8C6700B6C503 /* FirebaseMessaging in Frameworks */,
				30E4AE762CEC8C6700B6C503 /* FirebaseAnalytics in Frameworks */,
				30E4AE7C2CEC8C6700B6C503 /* FirebaseCore in Frameworks */,
				30E4AE8A2CEC8D5000B6C503 /* GoogleMobileAds in Frameworks */,
				30596AAA2CFD8E5D005A6701 /* FirebaseFirestore in Frameworks */,
				30E4AE7E2CEC8C6700B6C503 /* FirebaseCrashlytics in Frameworks */,
				30E4AE802CEC8C6700B6C503 /* FirebaseDatabase in Frameworks */,
				30E4AE842CEC8C6700B6C503 /* FirebaseStorage in Frameworks */,
				30E4AE782CEC8C6700B6C503 /* FirebaseAppCheck in Frameworks */,
				36EDCF3F2AEF6607004F2483 /* Alamofire in Frameworks */,
				34A0ACB39B1EDF09F4B26988 /* Pods_yamTODO.framework in Frameworks */,
			);
			runOnlyForDeploymentPostprocessing = 0;
		};
		36B7C9332ADCFCF800F7A140 /* Frameworks */ = {
			isa = PBXFrameworksBuildPhase;
			buildActionMask = 2147483647;
			files = (
				0D9F5B8916589AF509D5E317 /* Pods_yamTODOTests.framework in Frameworks */,
			);
			runOnlyForDeploymentPostprocessing = 0;
		};
		36B7C93D2ADCFCF800F7A140 /* Frameworks */ = {
			isa = PBXFrameworksBuildPhase;
			buildActionMask = 2147483647;
			files = (
				E158B064B856D7558849D266 /* Pods_yamTODO_yamTODOUITests.framework in Frameworks */,
			);
			runOnlyForDeploymentPostprocessing = 0;
		};
/* End PBXFrameworksBuildPhase section */

/* Begin PBXGroup section */
		0541D78AE5F2520E333984D2 /* Pods */ = {
			isa = PBXGroup;
			children = (
				2F4157274F6ECDE5FEA370DE /* Pods-yamTODO.debug.xcconfig */,
				79E56F943FB1F8C53AEF032B /* Pods-yamTODO.release.xcconfig */,
				0AFFC2BF5127E5B03BF3510C /* Pods-yamTODO-yamTODOUITests.debug.xcconfig */,
				9EF5A7602B644897C7AE005B /* Pods-yamTODO-yamTODOUITests.release.xcconfig */,
				2BC391CE3225E47734F24974 /* Pods-yamTODOTests.debug.xcconfig */,
				5E061409B812368EA3AD91A6 /* Pods-yamTODOTests.release.xcconfig */,
				EA059A365998D40C3C82E49D /* Pods-yamTODO-YamWidgetExtension.debug.xcconfig */,
				49B6CA3C42B3ACEF52B30D01 /* Pods-yamTODO-YamWidgetExtension.release.xcconfig */,
			);
			path = Pods;
			sourceTree = "<group>";
		};
		21C9F5F8B92A988E33DE3A98 /* Frameworks */ = {
			isa = PBXGroup;
			children = (
				DA8820A7CA460A4C59DFEF42 /* Pods_yamTODO.framework */,
				6818C9FD537D6A8BBFC9465E /* Pods_yamTODO_yamTODOUITests.framework */,
				9E8C1960195E47F4439E9D43 /* Pods_yamTODOTests.framework */,
				30001A552CEEFD8100B3C2A4 /* WidgetKit.framework */,
				30001A572CEEFD8100B3C2A4 /* SwiftUI.framework */,
				9D3161EF3E5E03E53167B7CB /* Pods_yamTODO_YamWidgetExtension.framework */,
			);
			name = Frameworks;
			sourceTree = "<group>";
		};
		30001A592CEEFD8100B3C2A4 /* YamWidget */ = {
			isa = PBXGroup;
			children = (
				30A52E082CF05CD800724934 /* Extensions */,
				30A52DFC2CF029F200724934 /* WidgetViews */,
				30001A5A2CEEFD8100B3C2A4 /* YamWidgetBundle.swift */,
				30001A5C2CEEFD8100B3C2A4 /* YamWidgetLiveActivity.swift */,
				30001A5E2CEEFD8100B3C2A4 /* YamWidget.swift */,
				30001A602CEEFD8100B3C2A4 /* AppIntent.swift */,
				30001A622CEEFD8200B3C2A4 /* Assets.xcassets */,
				30001A642CEEFD8200B3C2A4 /* Info.plist */,
				30A52DF52CEF23C600724934 /* RealmManagerForWidget.swift */,
			);
			path = YamWidget;
			sourceTree = "<group>";
		};
		300E65462B077E5D00DB3684 /* CalendarCell */ = {
			isa = PBXGroup;
			children = (
				300E65472B077E7A00DB3684 /* CalendarCellView.swift */,
			);
			path = CalendarCell;
			sourceTree = "<group>";
		};
		304DC5C52B0E2C2B00E01656 /* Admob */ = {
			isa = PBXGroup;
			children = (
				304DC5C62B0E2C5300E01656 /* AdmobBannerView.swift */,
				30596AA52CFD8A0A005A6701 /* RewardAdManager.swift */,
				30596AA72CFD8A20005A6701 /* RewardAdView.swift */,
			);
			path = Admob;
			sourceTree = "<group>";
		};
		30A52DFC2CF029F200724934 /* WidgetViews */ = {
			isa = PBXGroup;
			children = (
				30A52DFD2CF02A0A00724934 /* SmallWidgetView.swift */,
				30A52DFF2CF02A1400724934 /* MediumWidgetView.swift */,
				30A52E012CF02A1D00724934 /* LargeWidgetView.swift */,
			);
			path = WidgetViews;
			sourceTree = "<group>";
		};
		30A52E082CF05CD800724934 /* Extensions */ = {
			isa = PBXGroup;
			children = (
				30A52E092CF05D0300724934 /* Extension+Color+Widget.swift */,
			);
			path = Extensions;
			sourceTree = "<group>";
		};
		364FC75C2B0C3B64009AF157 /* Resources */ = {
			isa = PBXGroup;
			children = (
				364FC75D2B0C3B9E009AF157 /* Localize */,
				36B7C92D2ADCFCF800F7A140 /* Assets.xcassets */,
			);
			path = Resources;
			sourceTree = "<group>";
		};
		364FC75D2B0C3B9E009AF157 /* Localize */ = {
			isa = PBXGroup;
			children = (
				364FC7602B0C3C63009AF157 /* Localizable.xcstrings */,
				304DC5CE2B10E05C00E01656 /* InfoPlist.xcstrings */,
			);
			path = Localize;
			sourceTree = "<group>";
		};
		364FC7622B0D9A1D009AF157 /* ColorSetting */ = {
			isa = PBXGroup;
			children = (
				364FC7BE2B0F1B8B009AF157 /* ColorSettingMainView.swift */,
				364FC7BC2B0F0976009AF157 /* ColorSettingModel.swift */,
				364FC7C12B0F2A0C009AF157 /* ColorSettingCell.swift */,
				364FC7C02B0F2992009AF157 /* ColorSelectView */,
				36CE88912B159BE700DA2512 /* ColorEditView */,
			);
			path = ColorSetting;
			sourceTree = "<group>";
		};
		364FC7C02B0F2992009AF157 /* ColorSelectView */ = {
			isa = PBXGroup;
			children = (
				364FC7632B0D9A37009AF157 /* ColorSelectView.swift */,
				364FC7BA2B0F04A9009AF157 /* ColorSelectCell.swift */,
			);
			path = ColorSelectView;
			sourceTree = "<group>";
		};
		36A909E32AFCB87E00848754 /* Date */ = {
			isa = PBXGroup;
			children = (
				36A909E42AFCB88F00848754 /* Extension+Date.swift */,
			);
			path = Date;
			sourceTree = "<group>";
		};
		36B7C91D2ADCFCF700F7A140 = {
			isa = PBXGroup;
			children = (
				30001A6C2CEEFD9B00B3C2A4 /* YamWidgetExtension.entitlements */,
				36B7C9282ADCFCF700F7A140 /* yamTODO */,
				36B7C9392ADCFCF800F7A140 /* yamTODOTests */,
				36B7C9432ADCFCF800F7A140 /* yamTODOUITests */,
				30001A592CEEFD8100B3C2A4 /* YamWidget */,
				36B7C9272ADCFCF700F7A140 /* Products */,
				0541D78AE5F2520E333984D2 /* Pods */,
				21C9F5F8B92A988E33DE3A98 /* Frameworks */,
			);
			sourceTree = "<group>";
		};
		36B7C9272ADCFCF700F7A140 /* Products */ = {
			isa = PBXGroup;
			children = (
				36B7C9262ADCFCF700F7A140 /* yamTODO.app */,
				36B7C9362ADCFCF800F7A140 /* yamTODOTests.xctest */,
				36B7C9402ADCFCF800F7A140 /* yamTODOUITests.xctest */,
				30001A542CEEFD8100B3C2A4 /* YamWidgetExtension.appex */,
			);
			name = Products;
			sourceTree = "<group>";
		};
		36B7C9282ADCFCF700F7A140 /* yamTODO */ = {
			isa = PBXGroup;
			children = (
				30001A4F2CEEFCA600B3C2A4 /* yamTODO.entitlements */,
				30596AAB2CFD92BD005A6701 /* GoogleService-Info.plist */,
				304DC5C42B0E2A4E00E01656 /* Info.plist */,
				36FBAA792B05A46700FC78AB /* MainView */,
				36B7C9AC2ADFB33A00F7A140 /* Serialization */,
				36B7C9A52ADFB04000F7A140 /* Networking */,
				36B7C99D2ADF676500F7A140 /* Utilies */,
				36B7C97C2ADE1A2200F7A140 /* Common */,
				36B7C96F2ADD233300F7A140 /* AppDelegate.swift */,
				36B7C9292ADCFCF700F7A140 /* yamTODOApp.swift */,
				36B7C92B2ADCFCF700F7A140 /* ContentView.swift */,
				36B7C92F2ADCFCF800F7A140 /* Preview Content */,
			);
			path = yamTODO;
			sourceTree = "<group>";
		};
		36B7C92F2ADCFCF800F7A140 /* Preview Content */ = {
			isa = PBXGroup;
			children = (
				36B7C9302ADCFCF800F7A140 /* Preview Assets.xcassets */,
			);
			path = "Preview Content";
			sourceTree = "<group>";
		};
		36B7C9392ADCFCF800F7A140 /* yamTODOTests */ = {
			isa = PBXGroup;
			children = (
				36B7C93A2ADCFCF800F7A140 /* yamTODOTests.swift */,
			);
			path = yamTODOTests;
			sourceTree = "<group>";
		};
		36B7C9432ADCFCF800F7A140 /* yamTODOUITests */ = {
			isa = PBXGroup;
			children = (
				36B7C9442ADCFCF800F7A140 /* yamTODOUITests.swift */,
				36B7C9462ADCFCF800F7A140 /* yamTODOUITestsLaunchTests.swift */,
			);
			path = yamTODOUITests;
			sourceTree = "<group>";
		};
		36B7C9552ADD01FC00F7A140 /* Task */ = {
			isa = PBXGroup;
			children = (
				36B7C9972ADF51DD00F7A140 /* TaskMainView.swift */,
				36EDCF472AEF894B004F2483 /* TaskModels */,
				36EDCF422AEF87ED004F2483 /* Edit */,
				36B7C9992ADF63CB00F7A140 /* ListView */,
			);
			path = Task;
			sourceTree = "<group>";
		};
		36B7C9712ADD25D800F7A140 /* Login */ = {
			isa = PBXGroup;
			children = (
				36EDCF3A2AEB9E60004F2483 /* Models */,
				36B7C9722ADD25EC00F7A140 /* LoginView.swift */,
				36EDCF402AEF6A0F004F2483 /* NetworkMonitor.swift */,
				36EDCF432AEF880E004F2483 /* LoginIntent.swift */,
			);
			path = Login;
			sourceTree = "<group>";
		};
		36B7C97C2ADE1A2200F7A140 /* Common */ = {
			isa = PBXGroup;
			children = (
				304DC5C52B0E2C2B00E01656 /* Admob */,
				364FC75C2B0C3B64009AF157 /* Resources */,
				36EDCF512AF0899A004F2483 /* CustomView */,
				36B7C9832ADE26A900F7A140 /* Extensions */,
				36B7C97E2ADE1A2E00F7A140 /* UserDefaults */,
			);
			path = Common;
			sourceTree = "<group>";
		};
		36B7C97E2ADE1A2E00F7A140 /* UserDefaults */ = {
			isa = PBXGroup;
			children = (
				36B7C97F2ADE1A3F00F7A140 /* UserDefaultValue.swift */,
				36B7C9812ADE1A6F00F7A140 /* UserColorData.swift */,
			);
			path = UserDefaults;
			sourceTree = "<group>";
		};
		36B7C9832ADE26A900F7A140 /* Extensions */ = {
			isa = PBXGroup;
			children = (
				36A909E32AFCB87E00848754 /* Date */,
				36B7C9842ADE26B000F7A140 /* Colors */,
			);
			path = Extensions;
			sourceTree = "<group>";
		};
		36B7C9842ADE26B000F7A140 /* Colors */ = {
			isa = PBXGroup;
			children = (
				36B7C9852ADE26C000F7A140 /* Extension+Color.swift */,
			);
			path = Colors;
			sourceTree = "<group>";
		};
		36B7C9992ADF63CB00F7A140 /* ListView */ = {
			isa = PBXGroup;
			children = (
				36B7C99A2ADF63D300F7A140 /* Header */,
				36B7C9762ADE19C700F7A140 /* TaskListView.swift */,
				36B7C9782ADE19EC00F7A140 /* TaskItemView.swift */,
			);
			path = ListView;
			sourceTree = "<group>";
		};
		36B7C99A2ADF63D300F7A140 /* Header */ = {
			isa = PBXGroup;
			children = (
				36B7C99B2ADF63FB00F7A140 /* TaskHeader.swift */,
			);
			path = Header;
			sourceTree = "<group>";
		};
		36B7C99D2ADF676500F7A140 /* Utilies */ = {
			isa = PBXGroup;
			children = (
				36CE88992B17024800DA2512 /* Realm */,
				36FBAA8C2B07527000FC78AB /* MailView.swift */,
			);
			path = Utilies;
			sourceTree = "<group>";
		};
		36B7C9A52ADFB04000F7A140 /* Networking */ = {
			isa = PBXGroup;
			children = (
				36B7C9A62ADFB05700F7A140 /* APIError.swift */,
				36B7C9A82ADFB07300F7A140 /* Request.swift */,
				36B7C9AA2ADFB0AE00F7A140 /* APIClient.swift */,
			);
			path = Networking;
			sourceTree = "<group>";
		};
		36B7C9AC2ADFB33A00F7A140 /* Serialization */ = {
			isa = PBXGroup;
			children = (
				36B7C9AD2ADFB35200F7A140 /* Serializable.swift */,
			);
			path = Serialization;
			sourceTree = "<group>";
		};
		36B7C9AF2ADFC25F00F7A140 /* Calendar */ = {
			isa = PBXGroup;
			children = (
				300E65462B077E5D00DB3684 /* CalendarCell */,
				36FBAA7B2B05A4A200FC78AB /* CalendarMainView.swift */,
				36B7C9742ADE18B800F7A140 /* CalendarView.swift */,
			);
			path = Calendar;
			sourceTree = "<group>";
		};
		36CE88912B159BE700DA2512 /* ColorEditView */ = {
			isa = PBXGroup;
			children = (
				36CE88922B159BFE00DA2512 /* ColorEditView.swift */,
			);
			path = ColorEditView;
			sourceTree = "<group>";
		};
		36CE88992B17024800DA2512 /* Realm */ = {
			isa = PBXGroup;
			children = (
				369350852AFB05120040AF26 /* RealmManager.swift */,
				36CE889A2B17025500DA2512 /* RealmMigration.swift */,
			);
			path = Realm;
			sourceTree = "<group>";
		};
		36EDCF3A2AEB9E60004F2483 /* Models */ = {
			isa = PBXGroup;
			children = (
				36EDCF3B2AEB9E6F004F2483 /* LoginModel.swift */,
			);
			path = Models;
			sourceTree = "<group>";
		};
		36EDCF422AEF87ED004F2483 /* Edit */ = {
			isa = PBXGroup;
			children = (
				36FBAA882B06004E00FC78AB /* Views */,
				36EDCF482AEF9566004F2483 /* Models */,
			);
			path = Edit;
			sourceTree = "<group>";
		};
		36EDCF472AEF894B004F2483 /* TaskModels */ = {
			isa = PBXGroup;
			children = (
				36CFD9732B02EEDE0037E03D /* SelectTask.swift */,
				36B7C9562ADD19C200F7A140 /* Task.swift */,
				3693507E2AF8B6500040AF26 /* TasksByDay.swift */,
				300E65492B07A7EB00DB3684 /* TasksByMonth.swift */,
				30A52DF82CEF28D400724934 /* TasksByDateObject.swift */,
			);
			path = TaskModels;
			sourceTree = "<group>";
		};
		36EDCF482AEF9566004F2483 /* Models */ = {
			isa = PBXGroup;
			children = (
				3678A7032AF2304F00D7745F /* DayOfWeekManager.swift */,
				36EDCF492AEF9583004F2483 /* Repeats.swift */,
			);
			path = Models;
			sourceTree = "<group>";
		};
		36EDCF4B2AF0856D004F2483 /* Main */ = {
			isa = PBXGroup;
			children = (
				36EDCF4C2AF08585004F2483 /* MainTabView.swift */,
				36EDCF4E2AF087AF004F2483 /* MyPage */,
			);
			path = Main;
			sourceTree = "<group>";
		};
		36EDCF4E2AF087AF004F2483 /* MyPage */ = {
			isa = PBXGroup;
			children = (
				36FBAA7D2B05EFFC00FC78AB /* SettingPage */,
				36EDCF4F2AF087C6004F2483 /* MyPageView.swift */,
			);
			path = MyPage;
			sourceTree = "<group>";
		};
		36EDCF512AF0899A004F2483 /* CustomView */ = {
			isa = PBXGroup;
			children = (
				364FC7C32B0F2C77009AF157 /* TriangleView.swift */,
				36EDCF522AF089AA004F2483 /* Symbol.swift */,
				301C90372AF69326008BEB80 /* DetailTextView.swift */,
				300E65512B08C59800DB3684 /* TitleTextView.swift */,
			);
			path = CustomView;
			sourceTree = "<group>";
		};
		36FBAA792B05A46700FC78AB /* MainView */ = {
			isa = PBXGroup;
			children = (
				36B7C9712ADD25D800F7A140 /* Login */,
				36EDCF4B2AF0856D004F2483 /* Main */,
				36B7C9AF2ADFC25F00F7A140 /* Calendar */,
				36B7C9552ADD01FC00F7A140 /* Task */,
			);
			path = MainView;
			sourceTree = "<group>";
		};
		36FBAA7D2B05EFFC00FC78AB /* SettingPage */ = {
			isa = PBXGroup;
			children = (
				364FC7622B0D9A1D009AF157 /* ColorSetting */,
				36FBAA892B0717CD00FC78AB /* Repeat */,
			);
			path = SettingPage;
			sourceTree = "<group>";
		};
		36FBAA882B06004E00FC78AB /* Views */ = {
			isa = PBXGroup;
			children = (
				36FBAA862B06004000FC78AB /* RepeatView.swift */,
				36EDCF452AEF8889004F2483 /* EditPopupView.swift */,
				369350872AFB170E0040AF26 /* DetailPopupView.swift */,
			);
			path = Views;
			sourceTree = "<group>";
		};
		36FBAA892B0717CD00FC78AB /* Repeat */ = {
			isa = PBXGroup;
			children = (
				300E65532B08FD5C00DB3684 /* RepeatDetailPopupView.swift */,
				36FBAA8A2B0717E500FC78AB /* RepeatItemView.swift */,
				36FBAA7E2B05F01000FC78AB /* RepeatSettingView.swift */,
			);
			path = Repeat;
			sourceTree = "<group>";
		};
/* End PBXGroup section */

/* Begin PBXNativeTarget section */
		30001A532CEEFD8100B3C2A4 /* YamWidgetExtension */ = {
			isa = PBXNativeTarget;
			buildConfigurationList = 30001A682CEEFD8200B3C2A4 /* Build configuration list for PBXNativeTarget "YamWidgetExtension" */;
			buildPhases = (
				750FE9BB625F2F9F0F2A5E14 /* [CP] Check Pods Manifest.lock */,
				30001A502CEEFD8100B3C2A4 /* Sources */,
				30001A512CEEFD8100B3C2A4 /* Frameworks */,
				30001A522CEEFD8100B3C2A4 /* Resources */,
			);
			buildRules = (
			);
			dependencies = (
			);
			name = YamWidgetExtension;
			productName = YamWidgetExtension;
			productReference = 30001A542CEEFD8100B3C2A4 /* YamWidgetExtension.appex */;
			productType = "com.apple.product-type.app-extension";
		};
		36B7C9252ADCFCF700F7A140 /* yamTODO */ = {
			isa = PBXNativeTarget;
			buildConfigurationList = 36B7C94A2ADCFCF800F7A140 /* Build configuration list for PBXNativeTarget "yamTODO" */;
			buildPhases = (
				8B719D31244A677C5CDF3898 /* [CP] Check Pods Manifest.lock */,
				36B7C9222ADCFCF700F7A140 /* Sources */,
				36B7C9232ADCFCF700F7A140 /* Frameworks */,
				36B7C9242ADCFCF700F7A140 /* Resources */,
				4447456B0FCC99942F7E3940 /* [CP] Embed Pods Frameworks */,
				30001A6B2CEEFD8200B3C2A4 /* Embed Foundation Extensions */,
			);
			buildRules = (
			);
			dependencies = (
				30001A662CEEFD8200B3C2A4 /* PBXTargetDependency */,
			);
			name = yamTODO;
			packageProductDependencies = (
				36EDCF3E2AEF6607004F2483 /* Alamofire */,
				30E4AE752CEC8C6700B6C503 /* FirebaseAnalytics */,
				30E4AE772CEC8C6700B6C503 /* FirebaseAppCheck */,
				30E4AE792CEC8C6700B6C503 /* FirebaseAuth */,
				30E4AE7B2CEC8C6700B6C503 /* FirebaseCore */,
				30E4AE7D2CEC8C6700B6C503 /* FirebaseCrashlytics */,
				30E4AE7F2CEC8C6700B6C503 /* FirebaseDatabase */,
				30E4AE812CEC8C6700B6C503 /* FirebaseMessaging */,
				30E4AE832CEC8C6700B6C503 /* FirebaseStorage */,
				30E4AE892CEC8D5000B6C503 /* GoogleMobileAds */,
				30596AA92CFD8E5D005A6701 /* FirebaseFirestore */,
			);
			productName = yamTODO;
			productReference = 36B7C9262ADCFCF700F7A140 /* yamTODO.app */;
			productType = "com.apple.product-type.application";
		};
		36B7C9352ADCFCF800F7A140 /* yamTODOTests */ = {
			isa = PBXNativeTarget;
			buildConfigurationList = 36B7C94D2ADCFCF800F7A140 /* Build configuration list for PBXNativeTarget "yamTODOTests" */;
			buildPhases = (
				28EE5E311F2BAE5CA0EF5216 /* [CP] Check Pods Manifest.lock */,
				36B7C9322ADCFCF800F7A140 /* Sources */,
				36B7C9332ADCFCF800F7A140 /* Frameworks */,
				36B7C9342ADCFCF800F7A140 /* Resources */,
			);
			buildRules = (
			);
			dependencies = (
				36B7C9382ADCFCF800F7A140 /* PBXTargetDependency */,
			);
			name = yamTODOTests;
			productName = yamTODOTests;
			productReference = 36B7C9362ADCFCF800F7A140 /* yamTODOTests.xctest */;
			productType = "com.apple.product-type.bundle.unit-test";
		};
		36B7C93F2ADCFCF800F7A140 /* yamTODOUITests */ = {
			isa = PBXNativeTarget;
			buildConfigurationList = 36B7C9502ADCFCF800F7A140 /* Build configuration list for PBXNativeTarget "yamTODOUITests" */;
			buildPhases = (
				8B5EBB0834B441A621BE3068 /* [CP] Check Pods Manifest.lock */,
				36B7C93C2ADCFCF800F7A140 /* Sources */,
				36B7C93D2ADCFCF800F7A140 /* Frameworks */,
				36B7C93E2ADCFCF800F7A140 /* Resources */,
				87C85E1D4653FAEA21B6A22D /* [CP] Embed Pods Frameworks */,
			);
			buildRules = (
			);
			dependencies = (
				36B7C9422ADCFCF800F7A140 /* PBXTargetDependency */,
			);
			name = yamTODOUITests;
			productName = yamTODOUITests;
			productReference = 36B7C9402ADCFCF800F7A140 /* yamTODOUITests.xctest */;
			productType = "com.apple.product-type.bundle.ui-testing";
		};
/* End PBXNativeTarget section */

/* Begin PBXProject section */
		36B7C91E2ADCFCF700F7A140 /* Project object */ = {
			isa = PBXProject;
			attributes = {
				BuildIndependentTargetsInParallel = 1;
				LastSwiftUpdateCheck = 1540;
				LastUpgradeCheck = 1410;
				TargetAttributes = {
					30001A532CEEFD8100B3C2A4 = {
						CreatedOnToolsVersion = 15.4;
					};
					36B7C9252ADCFCF700F7A140 = {
						CreatedOnToolsVersion = 14.1;
					};
					36B7C9352ADCFCF800F7A140 = {
						CreatedOnToolsVersion = 14.1;
						TestTargetID = 36B7C9252ADCFCF700F7A140;
					};
					36B7C93F2ADCFCF800F7A140 = {
						CreatedOnToolsVersion = 14.1;
						TestTargetID = 36B7C9252ADCFCF700F7A140;
					};
				};
			};
			buildConfigurationList = 36B7C9212ADCFCF700F7A140 /* Build configuration list for PBXProject "yamTODO" */;
			compatibilityVersion = "Xcode 14.0";
			developmentRegion = en;
			hasScannedForEncodings = 0;
			knownRegions = (
				en,
				Base,
				ko,
				"zh-Hant",
				"zh-Hans",
				ja,
				vi,
				"pt-PT",
				fr,
				de,
			);
			mainGroup = 36B7C91D2ADCFCF700F7A140;
			packageReferences = (
				36EDCF3D2AEF6606004F2483 /* XCRemoteSwiftPackageReference "Alamofire" */,
				30E4AE742CEC8C6700B6C503 /* XCRemoteSwiftPackageReference "firebase-ios-sdk" */,
				30E4AE882CEC8D5000B6C503 /* XCRemoteSwiftPackageReference "swift-package-manager-google-mobile-ads" */,
			);
			productRefGroup = 36B7C9272ADCFCF700F7A140 /* Products */;
			projectDirPath = "";
			projectRoot = "";
			targets = (
				36B7C9252ADCFCF700F7A140 /* yamTODO */,
				36B7C9352ADCFCF800F7A140 /* yamTODOTests */,
				36B7C93F2ADCFCF800F7A140 /* yamTODOUITests */,
				30001A532CEEFD8100B3C2A4 /* YamWidgetExtension */,
			);
		};
/* End PBXProject section */

/* Begin PBXResourcesBuildPhase section */
		30001A522CEEFD8100B3C2A4 /* Resources */ = {
			isa = PBXResourcesBuildPhase;
			buildActionMask = 2147483647;
			files = (
				30C44DFD2CF32BCF004EEA79 /* Localizable.xcstrings in Resources */,
				30001A632CEEFD8200B3C2A4 /* Assets.xcassets in Resources */,
			);
			runOnlyForDeploymentPostprocessing = 0;
		};
		36B7C9242ADCFCF700F7A140 /* Resources */ = {
			isa = PBXResourcesBuildPhase;
			buildActionMask = 2147483647;
			files = (
				36B7C9312ADCFCF800F7A140 /* Preview Assets.xcassets in Resources */,
				304DC5CF2B10E05C00E01656 /* InfoPlist.xcstrings in Resources */,
				36B7C92E2ADCFCF800F7A140 /* Assets.xcassets in Resources */,
				30596AAC2CFD92BD005A6701 /* GoogleService-Info.plist in Resources */,
				364FC7612B0C3C63009AF157 /* Localizable.xcstrings in Resources */,
			);
			runOnlyForDeploymentPostprocessing = 0;
		};
		36B7C9342ADCFCF800F7A140 /* Resources */ = {
			isa = PBXResourcesBuildPhase;
			buildActionMask = 2147483647;
			files = (
			);
			runOnlyForDeploymentPostprocessing = 0;
		};
		36B7C93E2ADCFCF800F7A140 /* Resources */ = {
			isa = PBXResourcesBuildPhase;
			buildActionMask = 2147483647;
			files = (
			);
			runOnlyForDeploymentPostprocessing = 0;
		};
/* End PBXResourcesBuildPhase section */

/* Begin PBXShellScriptBuildPhase section */
		28EE5E311F2BAE5CA0EF5216 /* [CP] Check Pods Manifest.lock */ = {
			isa = PBXShellScriptBuildPhase;
			buildActionMask = 2147483647;
			files = (
			);
			inputFileListPaths = (
			);
			inputPaths = (
				"${PODS_PODFILE_DIR_PATH}/Podfile.lock",
				"${PODS_ROOT}/Manifest.lock",
			);
			name = "[CP] Check Pods Manifest.lock";
			outputFileListPaths = (
			);
			outputPaths = (
				"$(DERIVED_FILE_DIR)/Pods-yamTODOTests-checkManifestLockResult.txt",
			);
			runOnlyForDeploymentPostprocessing = 0;
			shellPath = /bin/sh;
			shellScript = "diff \"${PODS_PODFILE_DIR_PATH}/Podfile.lock\" \"${PODS_ROOT}/Manifest.lock\" > /dev/null\nif [ $? != 0 ] ; then\n    # print error to STDERR\n    echo \"error: The sandbox is not in sync with the Podfile.lock. Run 'pod install' or update your CocoaPods installation.\" >&2\n    exit 1\nfi\n# This output is used by Xcode 'outputs' to avoid re-running this script phase.\necho \"SUCCESS\" > \"${SCRIPT_OUTPUT_FILE_0}\"\n";
			showEnvVarsInLog = 0;
		};
		4447456B0FCC99942F7E3940 /* [CP] Embed Pods Frameworks */ = {
			isa = PBXShellScriptBuildPhase;
			buildActionMask = 2147483647;
			files = (
			);
			inputFileListPaths = (
				"${PODS_ROOT}/Target Support Files/Pods-yamTODO/Pods-yamTODO-frameworks-${CONFIGURATION}-input-files.xcfilelist",
			);
			name = "[CP] Embed Pods Frameworks";
			outputFileListPaths = (
				"${PODS_ROOT}/Target Support Files/Pods-yamTODO/Pods-yamTODO-frameworks-${CONFIGURATION}-output-files.xcfilelist",
			);
			runOnlyForDeploymentPostprocessing = 0;
			shellPath = /bin/sh;
			shellScript = "\"${PODS_ROOT}/Target Support Files/Pods-yamTODO/Pods-yamTODO-frameworks.sh\"\n";
			showEnvVarsInLog = 0;
		};
		750FE9BB625F2F9F0F2A5E14 /* [CP] Check Pods Manifest.lock */ = {
			isa = PBXShellScriptBuildPhase;
			buildActionMask = 2147483647;
			files = (
			);
			inputFileListPaths = (
			);
			inputPaths = (
				"${PODS_PODFILE_DIR_PATH}/Podfile.lock",
				"${PODS_ROOT}/Manifest.lock",
			);
			name = "[CP] Check Pods Manifest.lock";
			outputFileListPaths = (
			);
			outputPaths = (
				"$(DERIVED_FILE_DIR)/Pods-yamTODO-YamWidgetExtension-checkManifestLockResult.txt",
			);
			runOnlyForDeploymentPostprocessing = 0;
			shellPath = /bin/sh;
			shellScript = "diff \"${PODS_PODFILE_DIR_PATH}/Podfile.lock\" \"${PODS_ROOT}/Manifest.lock\" > /dev/null\nif [ $? != 0 ] ; then\n    # print error to STDERR\n    echo \"error: The sandbox is not in sync with the Podfile.lock. Run 'pod install' or update your CocoaPods installation.\" >&2\n    exit 1\nfi\n# This output is used by Xcode 'outputs' to avoid re-running this script phase.\necho \"SUCCESS\" > \"${SCRIPT_OUTPUT_FILE_0}\"\n";
			showEnvVarsInLog = 0;
		};
		87C85E1D4653FAEA21B6A22D /* [CP] Embed Pods Frameworks */ = {
			isa = PBXShellScriptBuildPhase;
			buildActionMask = 2147483647;
			files = (
			);
			inputFileListPaths = (
				"${PODS_ROOT}/Target Support Files/Pods-yamTODO-yamTODOUITests/Pods-yamTODO-yamTODOUITests-frameworks-${CONFIGURATION}-input-files.xcfilelist",
			);
			name = "[CP] Embed Pods Frameworks";
			outputFileListPaths = (
				"${PODS_ROOT}/Target Support Files/Pods-yamTODO-yamTODOUITests/Pods-yamTODO-yamTODOUITests-frameworks-${CONFIGURATION}-output-files.xcfilelist",
			);
			runOnlyForDeploymentPostprocessing = 0;
			shellPath = /bin/sh;
			shellScript = "\"${PODS_ROOT}/Target Support Files/Pods-yamTODO-yamTODOUITests/Pods-yamTODO-yamTODOUITests-frameworks.sh\"\n";
			showEnvVarsInLog = 0;
		};
		8B5EBB0834B441A621BE3068 /* [CP] Check Pods Manifest.lock */ = {
			isa = PBXShellScriptBuildPhase;
			buildActionMask = 2147483647;
			files = (
			);
			inputFileListPaths = (
			);
			inputPaths = (
				"${PODS_PODFILE_DIR_PATH}/Podfile.lock",
				"${PODS_ROOT}/Manifest.lock",
			);
			name = "[CP] Check Pods Manifest.lock";
			outputFileListPaths = (
			);
			outputPaths = (
				"$(DERIVED_FILE_DIR)/Pods-yamTODO-yamTODOUITests-checkManifestLockResult.txt",
			);
			runOnlyForDeploymentPostprocessing = 0;
			shellPath = /bin/sh;
			shellScript = "diff \"${PODS_PODFILE_DIR_PATH}/Podfile.lock\" \"${PODS_ROOT}/Manifest.lock\" > /dev/null\nif [ $? != 0 ] ; then\n    # print error to STDERR\n    echo \"error: The sandbox is not in sync with the Podfile.lock. Run 'pod install' or update your CocoaPods installation.\" >&2\n    exit 1\nfi\n# This output is used by Xcode 'outputs' to avoid re-running this script phase.\necho \"SUCCESS\" > \"${SCRIPT_OUTPUT_FILE_0}\"\n";
			showEnvVarsInLog = 0;
		};
		8B719D31244A677C5CDF3898 /* [CP] Check Pods Manifest.lock */ = {
			isa = PBXShellScriptBuildPhase;
			buildActionMask = 2147483647;
			files = (
			);
			inputFileListPaths = (
			);
			inputPaths = (
				"${PODS_PODFILE_DIR_PATH}/Podfile.lock",
				"${PODS_ROOT}/Manifest.lock",
			);
			name = "[CP] Check Pods Manifest.lock";
			outputFileListPaths = (
			);
			outputPaths = (
				"$(DERIVED_FILE_DIR)/Pods-yamTODO-checkManifestLockResult.txt",
			);
			runOnlyForDeploymentPostprocessing = 0;
			shellPath = /bin/sh;
			shellScript = "diff \"${PODS_PODFILE_DIR_PATH}/Podfile.lock\" \"${PODS_ROOT}/Manifest.lock\" > /dev/null\nif [ $? != 0 ] ; then\n    # print error to STDERR\n    echo \"error: The sandbox is not in sync with the Podfile.lock. Run 'pod install' or update your CocoaPods installation.\" >&2\n    exit 1\nfi\n# This output is used by Xcode 'outputs' to avoid re-running this script phase.\necho \"SUCCESS\" > \"${SCRIPT_OUTPUT_FILE_0}\"\n";
			showEnvVarsInLog = 0;
		};
/* End PBXShellScriptBuildPhase section */

/* Begin PBXSourcesBuildPhase section */
		30001A502CEEFD8100B3C2A4 /* Sources */ = {
			isa = PBXSourcesBuildPhase;
			buildActionMask = 2147483647;
			files = (
				30A52DF72CEF285800724934 /* RealmManagerForWidget.swift in Sources */,
				30A52E042CF02A8000724934 /* SmallWidgetView.swift in Sources */,
				30A52E032CF02A7C00724934 /* MediumWidgetView.swift in Sources */,
				30001A5F2CEEFD8100B3C2A4 /* YamWidget.swift in Sources */,
				30A52E0B2CF05D0600724934 /* Extension+Color+Widget.swift in Sources */,
				30A52E052CF02A8300724934 /* LargeWidgetView.swift in Sources */,
				30A52DFB2CEF293200724934 /* Extension+Date.swift in Sources */,
				30A52E0C2CF05ED300724934 /* Extension+Color.swift in Sources */,
				30001A612CEEFD8100B3C2A4 /* AppIntent.swift in Sources */,
				30001A5D2CEEFD8100B3C2A4 /* YamWidgetLiveActivity.swift in Sources */,
				30A52DFA2CEF28E200724934 /* TasksByDateObject.swift in Sources */,
				30001A5B2CEEFD8100B3C2A4 /* YamWidgetBundle.swift in Sources */,
			);
			runOnlyForDeploymentPostprocessing = 0;
		};
		36B7C9222ADCFCF700F7A140 /* Sources */ = {
			isa = PBXSourcesBuildPhase;
			buildActionMask = 2147483647;
			files = (
				300E65542B08FD5D00DB3684 /* RepeatDetailPopupView.swift in Sources */,
				300E65522B08C59800DB3684 /* TitleTextView.swift in Sources */,
				30596AA82CFD8A20005A6701 /* RewardAdView.swift in Sources */,
				3678A7042AF2304F00D7745F /* DayOfWeekManager.swift in Sources */,
				36B7C9792ADE19EC00F7A140 /* TaskItemView.swift in Sources */,
				369350862AFB05120040AF26 /* RealmManager.swift in Sources */,
				36FBAA872B06004000FC78AB /* RepeatView.swift in Sources */,
				36EDCF3C2AEB9E6F004F2483 /* LoginModel.swift in Sources */,
				36EDCF4A2AEF9583004F2483 /* Repeats.swift in Sources */,
				36A909E52AFCB88F00848754 /* Extension+Date.swift in Sources */,
				30596AA62CFD8A0A005A6701 /* RewardAdManager.swift in Sources */,
				364FC7C22B0F2A0C009AF157 /* ColorSettingCell.swift in Sources */,
				36CE889B2B17025500DA2512 /* RealmMigration.swift in Sources */,
				36B7C99C2ADF63FB00F7A140 /* TaskHeader.swift in Sources */,
				304DC5C72B0E2C5300E01656 /* AdmobBannerView.swift in Sources */,
				36B7C9732ADD25EC00F7A140 /* LoginView.swift in Sources */,
				36B7C9A72ADFB05700F7A140 /* APIError.swift in Sources */,
				36B7C9752ADE18B800F7A140 /* CalendarView.swift in Sources */,
				36EDCF4D2AF08585004F2483 /* MainTabView.swift in Sources */,
				36FBAA7C2B05A4A200FC78AB /* CalendarMainView.swift in Sources */,
				36B7C92C2ADCFCF700F7A140 /* ContentView.swift in Sources */,
				36B7C9AB2ADFB0AE00F7A140 /* APIClient.swift in Sources */,
				36B7C92A2ADCFCF700F7A140 /* yamTODOApp.swift in Sources */,
				36B7C9A92ADFB07300F7A140 /* Request.swift in Sources */,
				36B7C9572ADD19C200F7A140 /* Task.swift in Sources */,
				36EDCF532AF089AA004F2483 /* Symbol.swift in Sources */,
				364FC7BF2B0F1B8B009AF157 /* ColorSettingMainView.swift in Sources */,
				36CE88932B159BFE00DA2512 /* ColorEditView.swift in Sources */,
				36B7C9982ADF51DD00F7A140 /* TaskMainView.swift in Sources */,
				36B7C9822ADE1A6F00F7A140 /* UserColorData.swift in Sources */,
				36B7C9702ADD233300F7A140 /* AppDelegate.swift in Sources */,
				3693507F2AF8B6500040AF26 /* TasksByDay.swift in Sources */,
				36FBAA8D2B07527000FC78AB /* MailView.swift in Sources */,
				36B7C9802ADE1A3F00F7A140 /* UserDefaultValue.swift in Sources */,
				36B7C9AE2ADFB35200F7A140 /* Serializable.swift in Sources */,
				369350882AFB170E0040AF26 /* DetailPopupView.swift in Sources */,
				301C90382AF69326008BEB80 /* DetailTextView.swift in Sources */,
				300E654A2B07A7EB00DB3684 /* TasksByMonth.swift in Sources */,
				36EDCF412AEF6A0F004F2483 /* NetworkMonitor.swift in Sources */,
				364FC7BB2B0F04A9009AF157 /* ColorSelectCell.swift in Sources */,
				36EDCF462AEF8889004F2483 /* EditPopupView.swift in Sources */,
				36EDCF442AEF880E004F2483 /* LoginIntent.swift in Sources */,
				36EDCF502AF087C6004F2483 /* MyPageView.swift in Sources */,
				364FC7642B0D9A37009AF157 /* ColorSelectView.swift in Sources */,
				364FC7BD2B0F0976009AF157 /* ColorSettingModel.swift in Sources */,
				36FBAA8B2B0717E500FC78AB /* RepeatItemView.swift in Sources */,
				36B7C9772ADE19C700F7A140 /* TaskListView.swift in Sources */,
				36B7C9862ADE26C000F7A140 /* Extension+Color.swift in Sources */,
				36FBAA7F2B05F01000FC78AB /* RepeatSettingView.swift in Sources */,
				300E65482B077E7A00DB3684 /* CalendarCellView.swift in Sources */,
				364FC7C42B0F2C77009AF157 /* TriangleView.swift in Sources */,
				30A52DF92CEF28D400724934 /* TasksByDateObject.swift in Sources */,
				36CFD9742B02EEDE0037E03D /* SelectTask.swift in Sources */,
			);
			runOnlyForDeploymentPostprocessing = 0;
		};
		36B7C9322ADCFCF800F7A140 /* Sources */ = {
			isa = PBXSourcesBuildPhase;
			buildActionMask = 2147483647;
			files = (
				36B7C93B2ADCFCF800F7A140 /* yamTODOTests.swift in Sources */,
			);
			runOnlyForDeploymentPostprocessing = 0;
		};
		36B7C93C2ADCFCF800F7A140 /* Sources */ = {
			isa = PBXSourcesBuildPhase;
			buildActionMask = 2147483647;
			files = (
				36B7C9472ADCFCF800F7A140 /* yamTODOUITestsLaunchTests.swift in Sources */,
				36B7C9452ADCFCF800F7A140 /* yamTODOUITests.swift in Sources */,
			);
			runOnlyForDeploymentPostprocessing = 0;
		};
/* End PBXSourcesBuildPhase section */

/* Begin PBXTargetDependency section */
		30001A662CEEFD8200B3C2A4 /* PBXTargetDependency */ = {
			isa = PBXTargetDependency;
			target = 30001A532CEEFD8100B3C2A4 /* YamWidgetExtension */;
			targetProxy = 30001A652CEEFD8200B3C2A4 /* PBXContainerItemProxy */;
		};
		36B7C9382ADCFCF800F7A140 /* PBXTargetDependency */ = {
			isa = PBXTargetDependency;
			target = 36B7C9252ADCFCF700F7A140 /* yamTODO */;
			targetProxy = 36B7C9372ADCFCF800F7A140 /* PBXContainerItemProxy */;
		};
		36B7C9422ADCFCF800F7A140 /* PBXTargetDependency */ = {
			isa = PBXTargetDependency;
			target = 36B7C9252ADCFCF700F7A140 /* yamTODO */;
			targetProxy = 36B7C9412ADCFCF800F7A140 /* PBXContainerItemProxy */;
		};
/* End PBXTargetDependency section */

/* Begin XCBuildConfiguration section */
		30001A692CEEFD8200B3C2A4 /* Debug */ = {
			isa = XCBuildConfiguration;
			baseConfigurationReference = EA059A365998D40C3C82E49D /* Pods-yamTODO-YamWidgetExtension.debug.xcconfig */;
			buildSettings = {
				ASSETCATALOG_COMPILER_GENERATE_SWIFT_ASSET_SYMBOL_EXTENSIONS = YES;
				ASSETCATALOG_COMPILER_GLOBAL_ACCENT_COLOR_NAME = AccentColor;
				ASSETCATALOG_COMPILER_WIDGET_BACKGROUND_COLOR_NAME = WidgetBackground;
				CODE_SIGN_ENTITLEMENTS = YamWidgetExtension.entitlements;
				CODE_SIGN_STYLE = Automatic;
				CURRENT_PROJECT_VERSION = 1;
				DEVELOPMENT_TEAM = HW9XJ9J5M2;
				ENABLE_USER_SCRIPT_SANDBOXING = YES;
				GCC_C_LANGUAGE_STANDARD = gnu17;
				GENERATE_INFOPLIST_FILE = YES;
				INFOPLIST_FILE = YamWidget/Info.plist;
				INFOPLIST_KEY_CFBundleDisplayName = YamWidget;
				INFOPLIST_KEY_NSHumanReadableCopyright = "";
				IPHONEOS_DEPLOYMENT_TARGET = 17.5;
				LD_RUNPATH_SEARCH_PATHS = (
					"$(inherited)",
					"@executable_path/Frameworks",
					"@executable_path/../../Frameworks",
				);
				LOCALIZATION_PREFERS_STRING_CATALOGS = YES;
				MARKETING_VERSION = 1.0;
				PRODUCT_BUNDLE_IDENTIFIER = com.swift.vs.swiftUI.yamTODO2.YamWidget;
				PRODUCT_NAME = "$(TARGET_NAME)";
				SKIP_INSTALL = YES;
				SWIFT_ACTIVE_COMPILATION_CONDITIONS = "DEBUG $(inherited)";
				SWIFT_EMIT_LOC_STRINGS = YES;
				SWIFT_VERSION = 5.0;
				TARGETED_DEVICE_FAMILY = "1,2";
			};
			name = Debug;
		};
		30001A6A2CEEFD8200B3C2A4 /* Release */ = {
			isa = XCBuildConfiguration;
			baseConfigurationReference = 49B6CA3C42B3ACEF52B30D01 /* Pods-yamTODO-YamWidgetExtension.release.xcconfig */;
			buildSettings = {
				ASSETCATALOG_COMPILER_GENERATE_SWIFT_ASSET_SYMBOL_EXTENSIONS = YES;
				ASSETCATALOG_COMPILER_GLOBAL_ACCENT_COLOR_NAME = AccentColor;
				ASSETCATALOG_COMPILER_WIDGET_BACKGROUND_COLOR_NAME = WidgetBackground;
				CODE_SIGN_ENTITLEMENTS = YamWidgetExtension.entitlements;
				CODE_SIGN_STYLE = Automatic;
				CURRENT_PROJECT_VERSION = 1;
				DEVELOPMENT_TEAM = HW9XJ9J5M2;
				ENABLE_USER_SCRIPT_SANDBOXING = YES;
				GCC_C_LANGUAGE_STANDARD = gnu17;
				GENERATE_INFOPLIST_FILE = YES;
				INFOPLIST_FILE = YamWidget/Info.plist;
				INFOPLIST_KEY_CFBundleDisplayName = YamWidget;
				INFOPLIST_KEY_NSHumanReadableCopyright = "";
				IPHONEOS_DEPLOYMENT_TARGET = 17.5;
				LD_RUNPATH_SEARCH_PATHS = (
					"$(inherited)",
					"@executable_path/Frameworks",
					"@executable_path/../../Frameworks",
				);
				LOCALIZATION_PREFERS_STRING_CATALOGS = YES;
				MARKETING_VERSION = 1.0;
				PRODUCT_BUNDLE_IDENTIFIER = com.swift.vs.swiftUI.yamTODO2.YamWidget;
				PRODUCT_NAME = "$(TARGET_NAME)";
				SKIP_INSTALL = YES;
				SWIFT_EMIT_LOC_STRINGS = YES;
				SWIFT_VERSION = 5.0;
				TARGETED_DEVICE_FAMILY = "1,2";
			};
			name = Release;
		};
		36B7C9482ADCFCF800F7A140 /* Debug */ = {
			isa = XCBuildConfiguration;
			buildSettings = {
				ALWAYS_SEARCH_USER_PATHS = NO;
				CLANG_ANALYZER_NONNULL = YES;
				CLANG_ANALYZER_NUMBER_OBJECT_CONVERSION = YES_AGGRESSIVE;
				CLANG_CXX_LANGUAGE_STANDARD = "gnu++20";
				CLANG_ENABLE_MODULES = YES;
				CLANG_ENABLE_OBJC_ARC = YES;
				CLANG_ENABLE_OBJC_WEAK = YES;
				CLANG_WARN_BLOCK_CAPTURE_AUTORELEASING = YES;
				CLANG_WARN_BOOL_CONVERSION = YES;
				CLANG_WARN_COMMA = YES;
				CLANG_WARN_CONSTANT_CONVERSION = YES;
				CLANG_WARN_DEPRECATED_OBJC_IMPLEMENTATIONS = YES;
				CLANG_WARN_DIRECT_OBJC_ISA_USAGE = YES_ERROR;
				CLANG_WARN_DOCUMENTATION_COMMENTS = YES;
				CLANG_WARN_EMPTY_BODY = YES;
				CLANG_WARN_ENUM_CONVERSION = YES;
				CLANG_WARN_INFINITE_RECURSION = YES;
				CLANG_WARN_INT_CONVERSION = YES;
				CLANG_WARN_NON_LITERAL_NULL_CONVERSION = YES;
				CLANG_WARN_OBJC_IMPLICIT_RETAIN_SELF = YES;
				CLANG_WARN_OBJC_LITERAL_CONVERSION = YES;
				CLANG_WARN_OBJC_ROOT_CLASS = YES_ERROR;
				CLANG_WARN_QUOTED_INCLUDE_IN_FRAMEWORK_HEADER = YES;
				CLANG_WARN_RANGE_LOOP_ANALYSIS = YES;
				CLANG_WARN_STRICT_PROTOTYPES = YES;
				CLANG_WARN_SUSPICIOUS_MOVE = YES;
				CLANG_WARN_UNGUARDED_AVAILABILITY = YES_AGGRESSIVE;
				CLANG_WARN_UNREACHABLE_CODE = YES;
				CLANG_WARN__DUPLICATE_METHOD_MATCH = YES;
				COPY_PHASE_STRIP = NO;
				DEBUG_INFORMATION_FORMAT = dwarf;
				ENABLE_STRICT_OBJC_MSGSEND = YES;
				ENABLE_TESTABILITY = YES;
				GCC_C_LANGUAGE_STANDARD = gnu11;
				GCC_DYNAMIC_NO_PIC = NO;
				GCC_NO_COMMON_BLOCKS = YES;
				GCC_OPTIMIZATION_LEVEL = 0;
				GCC_PREPROCESSOR_DEFINITIONS = (
					"DEBUG=1",
					"$(inherited)",
				);
				GCC_WARN_64_TO_32_BIT_CONVERSION = YES;
				GCC_WARN_ABOUT_RETURN_TYPE = YES_ERROR;
				GCC_WARN_UNDECLARED_SELECTOR = YES;
				GCC_WARN_UNINITIALIZED_AUTOS = YES_AGGRESSIVE;
				GCC_WARN_UNUSED_FUNCTION = YES;
				GCC_WARN_UNUSED_VARIABLE = YES;
				IPHONEOS_DEPLOYMENT_TARGET = 16.1;
				MTL_ENABLE_DEBUG_INFO = INCLUDE_SOURCE;
				MTL_FAST_MATH = YES;
				ONLY_ACTIVE_ARCH = YES;
				SDKROOT = iphoneos;
				SWIFT_ACTIVE_COMPILATION_CONDITIONS = DEBUG;
				SWIFT_OPTIMIZATION_LEVEL = "-Onone";
			};
			name = Debug;
		};
		36B7C9492ADCFCF800F7A140 /* Release */ = {
			isa = XCBuildConfiguration;
			buildSettings = {
				ALWAYS_SEARCH_USER_PATHS = NO;
				CLANG_ANALYZER_NONNULL = YES;
				CLANG_ANALYZER_NUMBER_OBJECT_CONVERSION = YES_AGGRESSIVE;
				CLANG_CXX_LANGUAGE_STANDARD = "gnu++20";
				CLANG_ENABLE_MODULES = YES;
				CLANG_ENABLE_OBJC_ARC = YES;
				CLANG_ENABLE_OBJC_WEAK = YES;
				CLANG_WARN_BLOCK_CAPTURE_AUTORELEASING = YES;
				CLANG_WARN_BOOL_CONVERSION = YES;
				CLANG_WARN_COMMA = YES;
				CLANG_WARN_CONSTANT_CONVERSION = YES;
				CLANG_WARN_DEPRECATED_OBJC_IMPLEMENTATIONS = YES;
				CLANG_WARN_DIRECT_OBJC_ISA_USAGE = YES_ERROR;
				CLANG_WARN_DOCUMENTATION_COMMENTS = YES;
				CLANG_WARN_EMPTY_BODY = YES;
				CLANG_WARN_ENUM_CONVERSION = YES;
				CLANG_WARN_INFINITE_RECURSION = YES;
				CLANG_WARN_INT_CONVERSION = YES;
				CLANG_WARN_NON_LITERAL_NULL_CONVERSION = YES;
				CLANG_WARN_OBJC_IMPLICIT_RETAIN_SELF = YES;
				CLANG_WARN_OBJC_LITERAL_CONVERSION = YES;
				CLANG_WARN_OBJC_ROOT_CLASS = YES_ERROR;
				CLANG_WARN_QUOTED_INCLUDE_IN_FRAMEWORK_HEADER = YES;
				CLANG_WARN_RANGE_LOOP_ANALYSIS = YES;
				CLANG_WARN_STRICT_PROTOTYPES = YES;
				CLANG_WARN_SUSPICIOUS_MOVE = YES;
				CLANG_WARN_UNGUARDED_AVAILABILITY = YES_AGGRESSIVE;
				CLANG_WARN_UNREACHABLE_CODE = YES;
				CLANG_WARN__DUPLICATE_METHOD_MATCH = YES;
				COPY_PHASE_STRIP = NO;
				DEBUG_INFORMATION_FORMAT = "dwarf-with-dsym";
				ENABLE_NS_ASSERTIONS = NO;
				ENABLE_STRICT_OBJC_MSGSEND = YES;
				GCC_C_LANGUAGE_STANDARD = gnu11;
				GCC_NO_COMMON_BLOCKS = YES;
				GCC_WARN_64_TO_32_BIT_CONVERSION = YES;
				GCC_WARN_ABOUT_RETURN_TYPE = YES_ERROR;
				GCC_WARN_UNDECLARED_SELECTOR = YES;
				GCC_WARN_UNINITIALIZED_AUTOS = YES_AGGRESSIVE;
				GCC_WARN_UNUSED_FUNCTION = YES;
				GCC_WARN_UNUSED_VARIABLE = YES;
				IPHONEOS_DEPLOYMENT_TARGET = 16.1;
				MTL_ENABLE_DEBUG_INFO = NO;
				MTL_FAST_MATH = YES;
				SDKROOT = iphoneos;
				SWIFT_COMPILATION_MODE = wholemodule;
				SWIFT_OPTIMIZATION_LEVEL = "-O";
				VALIDATE_PRODUCT = YES;
			};
			name = Release;
		};
		36B7C94B2ADCFCF800F7A140 /* Debug */ = {
			isa = XCBuildConfiguration;
			baseConfigurationReference = 2F4157274F6ECDE5FEA370DE /* Pods-yamTODO.debug.xcconfig */;
			buildSettings = {
				ALWAYS_EMBED_SWIFT_STANDARD_LIBRARIES = YES;
				ASSETCATALOG_COMPILER_APPICON_NAME = AppIcon;
				ASSETCATALOG_COMPILER_GLOBAL_ACCENT_COLOR_NAME = AccentColor;
				CODE_SIGN_ENTITLEMENTS = yamTODO/yamTODO.entitlements;
				CODE_SIGN_STYLE = Automatic;
				CURRENT_PROJECT_VERSION = 1;
				DEVELOPMENT_ASSET_PATHS = "\"yamTODO/Preview Content\"";
				DEVELOPMENT_TEAM = HW9XJ9J5M2;
				ENABLE_PREVIEWS = YES;
				GENERATE_INFOPLIST_FILE = YES;
				INFOPLIST_FILE = yamTODO/Info.plist;
				INFOPLIST_KEY_NSUserTrackingUsageDescription = "Collect information about your advertising activities to provide personalized advertising.";
				INFOPLIST_KEY_UIApplicationSceneManifest_Generation = YES;
				INFOPLIST_KEY_UIApplicationSupportsIndirectInputEvents = YES;
				INFOPLIST_KEY_UILaunchScreen_Generation = YES;
				INFOPLIST_KEY_UISupportedInterfaceOrientations_iPad = "UIInterfaceOrientationPortrait UIInterfaceOrientationPortraitUpsideDown UIInterfaceOrientationLandscapeLeft UIInterfaceOrientationLandscapeRight";
				INFOPLIST_KEY_UISupportedInterfaceOrientations_iPhone = "UIInterfaceOrientationPortrait UIInterfaceOrientationLandscapeLeft UIInterfaceOrientationLandscapeRight";
				IPHONEOS_DEPLOYMENT_TARGET = 16.0;
				LD_RUNPATH_SEARCH_PATHS = (
					"$(inherited)",
					"@executable_path/Frameworks",
				);
				MARKETING_VERSION = 1.0.6;
				OTHER_LDFLAGS = "-ObjC";
				PRODUCT_BUNDLE_IDENTIFIER = com.swift.vs.swiftUI.yamTODO2;
				PRODUCT_NAME = "$(TARGET_NAME)";
				SWIFT_EMIT_LOC_STRINGS = YES;
				SWIFT_VERSION = 5.0;
				TARGETED_DEVICE_FAMILY = "1,2";
			};
			name = Debug;
		};
		36B7C94C2ADCFCF800F7A140 /* Release */ = {
			isa = XCBuildConfiguration;
			baseConfigurationReference = 79E56F943FB1F8C53AEF032B /* Pods-yamTODO.release.xcconfig */;
			buildSettings = {
				ALWAYS_EMBED_SWIFT_STANDARD_LIBRARIES = YES;
				ASSETCATALOG_COMPILER_APPICON_NAME = AppIcon;
				ASSETCATALOG_COMPILER_GLOBAL_ACCENT_COLOR_NAME = AccentColor;
				CODE_SIGN_ENTITLEMENTS = yamTODO/yamTODO.entitlements;
				CODE_SIGN_STYLE = Automatic;
				CURRENT_PROJECT_VERSION = 1;
				DEVELOPMENT_ASSET_PATHS = "\"yamTODO/Preview Content\"";
				DEVELOPMENT_TEAM = HW9XJ9J5M2;
				ENABLE_PREVIEWS = YES;
				GENERATE_INFOPLIST_FILE = YES;
				INFOPLIST_FILE = yamTODO/Info.plist;
				INFOPLIST_KEY_NSUserTrackingUsageDescription = "Collect information about your advertising activities to provide personalized advertising.";
				INFOPLIST_KEY_UIApplicationSceneManifest_Generation = YES;
				INFOPLIST_KEY_UIApplicationSupportsIndirectInputEvents = YES;
				INFOPLIST_KEY_UILaunchScreen_Generation = YES;
				INFOPLIST_KEY_UISupportedInterfaceOrientations_iPad = "UIInterfaceOrientationPortrait UIInterfaceOrientationPortraitUpsideDown UIInterfaceOrientationLandscapeLeft UIInterfaceOrientationLandscapeRight";
				INFOPLIST_KEY_UISupportedInterfaceOrientations_iPhone = "UIInterfaceOrientationPortrait UIInterfaceOrientationLandscapeLeft UIInterfaceOrientationLandscapeRight";
				IPHONEOS_DEPLOYMENT_TARGET = 16.0;
				LD_RUNPATH_SEARCH_PATHS = (
					"$(inherited)",
					"@executable_path/Frameworks",
				);
				MARKETING_VERSION = 1.0.6;
				OTHER_LDFLAGS = "-ObjC";
				PRODUCT_BUNDLE_IDENTIFIER = com.swift.vs.swiftUI.yamTODO2;
				PRODUCT_NAME = "$(TARGET_NAME)";
				SWIFT_EMIT_LOC_STRINGS = YES;
				SWIFT_VERSION = 5.0;
				TARGETED_DEVICE_FAMILY = "1,2";
			};
			name = Release;
		};
		36B7C94E2ADCFCF800F7A140 /* Debug */ = {
			isa = XCBuildConfiguration;
			baseConfigurationReference = 2BC391CE3225E47734F24974 /* Pods-yamTODOTests.debug.xcconfig */;
			buildSettings = {
				ALWAYS_EMBED_SWIFT_STANDARD_LIBRARIES = YES;
				BUNDLE_LOADER = "$(TEST_HOST)";
				CODE_SIGN_STYLE = Automatic;
				CURRENT_PROJECT_VERSION = 1;
				DEVELOPMENT_TEAM = 799GLJ393L;
				GENERATE_INFOPLIST_FILE = YES;
				IPHONEOS_DEPLOYMENT_TARGET = 16.1;
				MARKETING_VERSION = 1.0;
				PRODUCT_BUNDLE_IDENTIFIER = com.swift.vs.swiftUI.yamTODOTests;
				PRODUCT_NAME = "$(TARGET_NAME)";
				SWIFT_EMIT_LOC_STRINGS = NO;
				SWIFT_VERSION = 5.0;
				TARGETED_DEVICE_FAMILY = "1,2";
				TEST_HOST = "$(BUILT_PRODUCTS_DIR)/yamTODO.app/$(BUNDLE_EXECUTABLE_FOLDER_PATH)/yamTODO";
			};
			name = Debug;
		};
		36B7C94F2ADCFCF800F7A140 /* Release */ = {
			isa = XCBuildConfiguration;
			baseConfigurationReference = 5E061409B812368EA3AD91A6 /* Pods-yamTODOTests.release.xcconfig */;
			buildSettings = {
				ALWAYS_EMBED_SWIFT_STANDARD_LIBRARIES = YES;
				BUNDLE_LOADER = "$(TEST_HOST)";
				CODE_SIGN_STYLE = Automatic;
				CURRENT_PROJECT_VERSION = 1;
				DEVELOPMENT_TEAM = 799GLJ393L;
				GENERATE_INFOPLIST_FILE = YES;
				IPHONEOS_DEPLOYMENT_TARGET = 16.1;
				MARKETING_VERSION = 1.0;
				PRODUCT_BUNDLE_IDENTIFIER = com.swift.vs.swiftUI.yamTODOTests;
				PRODUCT_NAME = "$(TARGET_NAME)";
				SWIFT_EMIT_LOC_STRINGS = NO;
				SWIFT_VERSION = 5.0;
				TARGETED_DEVICE_FAMILY = "1,2";
				TEST_HOST = "$(BUILT_PRODUCTS_DIR)/yamTODO.app/$(BUNDLE_EXECUTABLE_FOLDER_PATH)/yamTODO";
			};
			name = Release;
		};
		36B7C9512ADCFCF800F7A140 /* Debug */ = {
			isa = XCBuildConfiguration;
			baseConfigurationReference = 0AFFC2BF5127E5B03BF3510C /* Pods-yamTODO-yamTODOUITests.debug.xcconfig */;
			buildSettings = {
				ALWAYS_EMBED_SWIFT_STANDARD_LIBRARIES = YES;
				CODE_SIGN_STYLE = Automatic;
				CURRENT_PROJECT_VERSION = 1;
				DEVELOPMENT_TEAM = 799GLJ393L;
				GENERATE_INFOPLIST_FILE = YES;
				MARKETING_VERSION = 1.0;
				PRODUCT_BUNDLE_IDENTIFIER = com.swift.vs.swiftUI.yamTODOUITests;
				PRODUCT_NAME = "$(TARGET_NAME)";
				SWIFT_EMIT_LOC_STRINGS = NO;
				SWIFT_VERSION = 5.0;
				TARGETED_DEVICE_FAMILY = "1,2";
				TEST_TARGET_NAME = yamTODO;
			};
			name = Debug;
		};
		36B7C9522ADCFCF800F7A140 /* Release */ = {
			isa = XCBuildConfiguration;
			baseConfigurationReference = 9EF5A7602B644897C7AE005B /* Pods-yamTODO-yamTODOUITests.release.xcconfig */;
			buildSettings = {
				ALWAYS_EMBED_SWIFT_STANDARD_LIBRARIES = YES;
				CODE_SIGN_STYLE = Automatic;
				CURRENT_PROJECT_VERSION = 1;
				DEVELOPMENT_TEAM = 799GLJ393L;
				GENERATE_INFOPLIST_FILE = YES;
				MARKETING_VERSION = 1.0;
				PRODUCT_BUNDLE_IDENTIFIER = com.swift.vs.swiftUI.yamTODOUITests;
				PRODUCT_NAME = "$(TARGET_NAME)";
				SWIFT_EMIT_LOC_STRINGS = NO;
				SWIFT_VERSION = 5.0;
				TARGETED_DEVICE_FAMILY = "1,2";
				TEST_TARGET_NAME = yamTODO;
			};
			name = Release;
		};
/* End XCBuildConfiguration section */

/* Begin XCConfigurationList section */
		30001A682CEEFD8200B3C2A4 /* Build configuration list for PBXNativeTarget "YamWidgetExtension" */ = {
			isa = XCConfigurationList;
			buildConfigurations = (
				30001A692CEEFD8200B3C2A4 /* Debug */,
				30001A6A2CEEFD8200B3C2A4 /* Release */,
			);
			defaultConfigurationIsVisible = 0;
			defaultConfigurationName = Release;
		};
		36B7C9212ADCFCF700F7A140 /* Build configuration list for PBXProject "yamTODO" */ = {
			isa = XCConfigurationList;
			buildConfigurations = (
				36B7C9482ADCFCF800F7A140 /* Debug */,
				36B7C9492ADCFCF800F7A140 /* Release */,
			);
			defaultConfigurationIsVisible = 0;
			defaultConfigurationName = Release;
		};
		36B7C94A2ADCFCF800F7A140 /* Build configuration list for PBXNativeTarget "yamTODO" */ = {
			isa = XCConfigurationList;
			buildConfigurations = (
				36B7C94B2ADCFCF800F7A140 /* Debug */,
				36B7C94C2ADCFCF800F7A140 /* Release */,
			);
			defaultConfigurationIsVisible = 0;
			defaultConfigurationName = Release;
		};
		36B7C94D2ADCFCF800F7A140 /* Build configuration list for PBXNativeTarget "yamTODOTests" */ = {
			isa = XCConfigurationList;
			buildConfigurations = (
				36B7C94E2ADCFCF800F7A140 /* Debug */,
				36B7C94F2ADCFCF800F7A140 /* Release */,
			);
			defaultConfigurationIsVisible = 0;
			defaultConfigurationName = Release;
		};
		36B7C9502ADCFCF800F7A140 /* Build configuration list for PBXNativeTarget "yamTODOUITests" */ = {
			isa = XCConfigurationList;
			buildConfigurations = (
				36B7C9512ADCFCF800F7A140 /* Debug */,
				36B7C9522ADCFCF800F7A140 /* Release */,
			);
			defaultConfigurationIsVisible = 0;
			defaultConfigurationName = Release;
		};
/* End XCConfigurationList section */

/* Begin XCRemoteSwiftPackageReference section */
		30E4AE742CEC8C6700B6C503 /* XCRemoteSwiftPackageReference "firebase-ios-sdk" */ = {
			isa = XCRemoteSwiftPackageReference;
			repositoryURL = "https://github.com/firebase/firebase-ios-sdk.git";
			requirement = {
				kind = upToNextMajorVersion;
				minimumVersion = 11.5.0;
			};
		};
		30E4AE882CEC8D5000B6C503 /* XCRemoteSwiftPackageReference "swift-package-manager-google-mobile-ads" */ = {
			isa = XCRemoteSwiftPackageReference;
			repositoryURL = "https://github.com/googleads/swift-package-manager-google-mobile-ads.git";
			requirement = {
				kind = upToNextMajorVersion;
				minimumVersion = 11.12.0;
			};
		};
		36EDCF3D2AEF6606004F2483 /* XCRemoteSwiftPackageReference "Alamofire" */ = {
			isa = XCRemoteSwiftPackageReference;
			repositoryURL = "https://github.com/Alamofire/Alamofire.git";
			requirement = {
				kind = upToNextMinorVersion;
				minimumVersion = 5.0.0;
			};
		};
/* End XCRemoteSwiftPackageReference section */

/* Begin XCSwiftPackageProductDependency section */
		30596AA92CFD8E5D005A6701 /* FirebaseFirestore */ = {
			isa = XCSwiftPackageProductDependency;
			package = 30E4AE742CEC8C6700B6C503 /* XCRemoteSwiftPackageReference "firebase-ios-sdk" */;
			productName = FirebaseFirestore;
		};
		30E4AE752CEC8C6700B6C503 /* FirebaseAnalytics */ = {
			isa = XCSwiftPackageProductDependency;
			package = 30E4AE742CEC8C6700B6C503 /* XCRemoteSwiftPackageReference "firebase-ios-sdk" */;
			productName = FirebaseAnalytics;
		};
		30E4AE772CEC8C6700B6C503 /* FirebaseAppCheck */ = {
			isa = XCSwiftPackageProductDependency;
			package = 30E4AE742CEC8C6700B6C503 /* XCRemoteSwiftPackageReference "firebase-ios-sdk" */;
			productName = FirebaseAppCheck;
		};
		30E4AE792CEC8C6700B6C503 /* FirebaseAuth */ = {
			isa = XCSwiftPackageProductDependency;
			package = 30E4AE742CEC8C6700B6C503 /* XCRemoteSwiftPackageReference "firebase-ios-sdk" */;
			productName = FirebaseAuth;
		};
		30E4AE7B2CEC8C6700B6C503 /* FirebaseCore */ = {
			isa = XCSwiftPackageProductDependency;
			package = 30E4AE742CEC8C6700B6C503 /* XCRemoteSwiftPackageReference "firebase-ios-sdk" */;
			productName = FirebaseCore;
		};
		30E4AE7D2CEC8C6700B6C503 /* FirebaseCrashlytics */ = {
			isa = XCSwiftPackageProductDependency;
			package = 30E4AE742CEC8C6700B6C503 /* XCRemoteSwiftPackageReference "firebase-ios-sdk" */;
			productName = FirebaseCrashlytics;
		};
		30E4AE7F2CEC8C6700B6C503 /* FirebaseDatabase */ = {
			isa = XCSwiftPackageProductDependency;
			package = 30E4AE742CEC8C6700B6C503 /* XCRemoteSwiftPackageReference "firebase-ios-sdk" */;
			productName = FirebaseDatabase;
		};
		30E4AE812CEC8C6700B6C503 /* FirebaseMessaging */ = {
			isa = XCSwiftPackageProductDependency;
			package = 30E4AE742CEC8C6700B6C503 /* XCRemoteSwiftPackageReference "firebase-ios-sdk" */;
			productName = FirebaseMessaging;
		};
		30E4AE832CEC8C6700B6C503 /* FirebaseStorage */ = {
			isa = XCSwiftPackageProductDependency;
			package = 30E4AE742CEC8C6700B6C503 /* XCRemoteSwiftPackageReference "firebase-ios-sdk" */;
			productName = FirebaseStorage;
		};
		30E4AE892CEC8D5000B6C503 /* GoogleMobileAds */ = {
			isa = XCSwiftPackageProductDependency;
			package = 30E4AE882CEC8D5000B6C503 /* XCRemoteSwiftPackageReference "swift-package-manager-google-mobile-ads" */;
			productName = GoogleMobileAds;
		};
		36EDCF3E2AEF6607004F2483 /* Alamofire */ = {
			isa = XCSwiftPackageProductDependency;
			package = 36EDCF3D2AEF6606004F2483 /* XCRemoteSwiftPackageReference "Alamofire" */;
			productName = Alamofire;
		};
/* End XCSwiftPackageProductDependency section */
	};
	rootObject = 36B7C91E2ADCFCF700F7A140 /* Project object */;
}
